// !$*UTF8*$!
{
	archiveVersion = 1;
	classes = {
	};
	objectVersion = 46;
	objects = {

/* Begin PBXAggregateTarget section */
		BCC047160FB651AF00F9F2D3 /* DocSet */ = {
			isa = PBXAggregateTarget;
			buildConfigurationList = BCC047190FB651CD00F9F2D3 /* Build configuration list for PBXAggregateTarget "DocSet" */;
			buildPhases = (
				BCC047150FB651AF00F9F2D3 /* Run Script */,
			);
			dependencies = (
			);
			name = DocSet;
			productName = Documentation;
		};
		BCF6393B12F5FD3B0094F9AE /* RefreshOnlineDocs */ = {
			isa = PBXAggregateTarget;
			buildConfigurationList = BCF6394012F5FD6E0094F9AE /* Build configuration list for PBXAggregateTarget "RefreshOnlineDocs" */;
			buildPhases = (
				BCF6393A12F5FD3B0094F9AE /* ShellScript */,
			);
			dependencies = (
				BCF6393F12F5FD4F0094F9AE /* PBXTargetDependency */,
			);
			name = RefreshOnlineDocs;
			productName = "Refresh Online Docs";
		};
/* End PBXAggregateTarget section */

/* Begin PBXBuildFile section */
		BC024D53136CDFF6001FD388 /* Foundation.framework in Frameworks */ = {isa = PBXBuildFile; fileRef = BC8778E1136CDE4400549A6D /* Foundation.framework */; };
		BC024D55136CE06A001FD388 /* NSObject+JSON.h in Headers */ = {isa = PBXBuildFile; fileRef = E75716430C96DB530084A449 /* NSObject+JSON.h */; settings = {ATTRIBUTES = (Private, ); }; };
		BC024D56136CE06A001FD388 /* SBJsonWriter.h in Headers */ = {isa = PBXBuildFile; fileRef = 535157A30F6EE4A800C8AABD /* SBJsonWriter.h */; settings = {ATTRIBUTES = (Private, ); }; };
		BC024D57136CE06A001FD388 /* SBJsonStreamWriter.h in Headers */ = {isa = PBXBuildFile; fileRef = BC651A6C125A502700280F5C /* SBJsonStreamWriter.h */; settings = {ATTRIBUTES = (Private, ); }; };
		BC024D58136CE06A001FD388 /* SBJsonStreamWriterState.h in Headers */ = {isa = PBXBuildFile; fileRef = BCCEBEFB12B3E14500263D0F /* SBJsonStreamWriterState.h */; };
		BC024D59136CE06A001FD388 /* SBJsonTokeniser.h in Headers */ = {isa = PBXBuildFile; fileRef = BCA822C8127D68F600DD3FD0 /* SBJsonTokeniser.h */; };
		BC024D5A136CE06A001FD388 /* SBJsonParser.h in Headers */ = {isa = PBXBuildFile; fileRef = 535157780F6E3BE100C8AABD /* SBJsonParser.h */; settings = {ATTRIBUTES = (Private, ); }; };
		BC024D5B136CE06A001FD388 /* SBJsonStreamParser.h in Headers */ = {isa = PBXBuildFile; fileRef = BCE5E287129C7D3300C156C0 /* SBJsonStreamParser.h */; settings = {ATTRIBUTES = (Private, ); }; };
		BC024D5C136CE06A001FD388 /* SBJsonStreamParserState.h in Headers */ = {isa = PBXBuildFile; fileRef = BCE5E2AC129C809700C156C0 /* SBJsonStreamParserState.h */; };
		BC024D5D136CE06A001FD388 /* SBJsonStreamParserAdapter.h in Headers */ = {isa = PBXBuildFile; fileRef = BC9602B512A452CF0024BDA2 /* SBJsonStreamParserAdapter.h */; settings = {ATTRIBUTES = (Private, ); }; };
		BC024D5E136CE0EC001FD388 /* StreamParserIntegrationTest.m in Sources */ = {isa = PBXBuildFile; fileRef = BC81A69512AF019F005C034C /* StreamParserIntegrationTest.m */; };
		BC024D62136CE0EC001FD388 /* ErrorTest.m in Sources */ = {isa = PBXBuildFile; fileRef = 53C45B9B0C98A87600546F66 /* ErrorTest.m */; };
		BC024D64136CE0EC001FD388 /* ProxyTest.m in Sources */ = {isa = PBXBuildFile; fileRef = BC74B7AD0FCA8B89000BD3DD /* ProxyTest.m */; };
		BC024D65136CE0EC001FD388 /* WriterTest.m in Sources */ = {isa = PBXBuildFile; fileRef = BC8F72A61235331400678720 /* WriterTest.m */; };
		BC024D69136CE13F001FD388 /* Foundation.framework in Frameworks */ = {isa = PBXBuildFile; fileRef = BC8778E1136CDE4400549A6D /* Foundation.framework */; };
		BC073EB61381769E008E27F5 /* JsonCheckerTest.m in Sources */ = {isa = PBXBuildFile; fileRef = BC073EB51381769D008E27F5 /* JsonCheckerTest.m */; };
		BC073EB71381769E008E27F5 /* JsonCheckerTest.m in Sources */ = {isa = PBXBuildFile; fileRef = BC073EB51381769D008E27F5 /* JsonCheckerTest.m */; };
		BC073EB9138177CE008E27F5 /* FormatTest.m in Sources */ = {isa = PBXBuildFile; fileRef = BC073EB8138177CE008E27F5 /* FormatTest.m */; };
		BC073EBA138177CE008E27F5 /* FormatTest.m in Sources */ = {isa = PBXBuildFile; fileRef = BC073EB8138177CE008E27F5 /* FormatTest.m */; };
		BC11C971136E5A17005CBB19 /* JSON.h in Headers */ = {isa = PBXBuildFile; fileRef = BC11C970136E5A17005CBB19 /* JSON.h */; settings = {ATTRIBUTES = (Public, ); }; };
		BC11C972136E5A17005CBB19 /* JSON.h in Headers */ = {isa = PBXBuildFile; fileRef = BC11C970136E5A17005CBB19 /* JSON.h */; settings = {ATTRIBUTES = (Public, ); }; };
		BC11C975136E5A4D005CBB19 /* SBJsonIncludes.h in Headers */ = {isa = PBXBuildFile; fileRef = BC11C974136E5A4D005CBB19 /* SBJsonIncludes.h */; settings = {ATTRIBUTES = (Private, ); }; };
		BC11C976136E5A4D005CBB19 /* SBJsonIncludes.h in Headers */ = {isa = PBXBuildFile; fileRef = BC11C974136E5A4D005CBB19 /* SBJsonIncludes.h */; settings = {ATTRIBUTES = (Private, ); }; };
		BC2BC02D136CE6B30073BC4B /* Foundation.framework in Frameworks */ = {isa = PBXBuildFile; fileRef = BC8778E1136CDE4400549A6D /* Foundation.framework */; };
		BC2BC039136CE6B30073BC4B /* Foundation.framework in Frameworks */ = {isa = PBXBuildFile; fileRef = BC8778E1136CDE4400549A6D /* Foundation.framework */; };
		BC2BC03E136CE6B30073BC4B /* liblibjson.a in Frameworks */ = {isa = PBXBuildFile; fileRef = BC2BC02C136CE6B30073BC4B /* liblibjson.a */; };
		BC2BC044136CE6B30073BC4B /* InfoPlist.strings in Resources */ = {isa = PBXBuildFile; fileRef = BC2BC042136CE6B30073BC4B /* InfoPlist.strings */; };
		BC2BC050136CE6D40073BC4B /* NSObject+JSON.m in Sources */ = {isa = PBXBuildFile; fileRef = E75716440C96DB530084A449 /* NSObject+JSON.m */; };
		BC2BC051136CE6D40073BC4B /* SBJsonWriter.m in Sources */ = {isa = PBXBuildFile; fileRef = 535157A40F6EE4A800C8AABD /* SBJsonWriter.m */; };
		BC2BC052136CE6D40073BC4B /* SBJsonStreamWriter.m in Sources */ = {isa = PBXBuildFile; fileRef = BC651A6D125A502700280F5C /* SBJsonStreamWriter.m */; };
		BC2BC053136CE6D40073BC4B /* SBJsonStreamWriterState.m in Sources */ = {isa = PBXBuildFile; fileRef = BCCEBEFC12B3E14500263D0F /* SBJsonStreamWriterState.m */; };
		BC2BC054136CE6D40073BC4B /* SBJsonTokeniser.m in Sources */ = {isa = PBXBuildFile; fileRef = BCA822C9127D68F600DD3FD0 /* SBJsonTokeniser.m */; };
		BC2BC055136CE6D40073BC4B /* SBJsonParser.m in Sources */ = {isa = PBXBuildFile; fileRef = 535157790F6E3BE100C8AABD /* SBJsonParser.m */; };
		BC2BC056136CE6D40073BC4B /* SBJsonStreamParser.m in Sources */ = {isa = PBXBuildFile; fileRef = BCE5E2AB129C809700C156C0 /* SBJsonStreamParser.m */; };
		BC2BC057136CE6D40073BC4B /* SBJsonStreamParserState.m in Sources */ = {isa = PBXBuildFile; fileRef = BCE5E2AD129C809700C156C0 /* SBJsonStreamParserState.m */; };
		BC2BC058136CE6D40073BC4B /* SBJsonStreamParserAdapter.m in Sources */ = {isa = PBXBuildFile; fileRef = BC9602B612A452CF0024BDA2 /* SBJsonStreamParserAdapter.m */; };
		BC2BC05A136CE6EB0073BC4B /* NSObject+JSON.h in Headers */ = {isa = PBXBuildFile; fileRef = E75716430C96DB530084A449 /* NSObject+JSON.h */; settings = {ATTRIBUTES = (Private, ); }; };
		BC2BC05B136CE6EB0073BC4B /* SBJsonWriter.h in Headers */ = {isa = PBXBuildFile; fileRef = 535157A30F6EE4A800C8AABD /* SBJsonWriter.h */; settings = {ATTRIBUTES = (Private, ); }; };
		BC2BC05C136CE6EB0073BC4B /* SBJsonStreamWriter.h in Headers */ = {isa = PBXBuildFile; fileRef = BC651A6C125A502700280F5C /* SBJsonStreamWriter.h */; settings = {ATTRIBUTES = (Private, ); }; };
		BC2BC05D136CE6EB0073BC4B /* SBJsonStreamWriterState.h in Headers */ = {isa = PBXBuildFile; fileRef = BCCEBEFB12B3E14500263D0F /* SBJsonStreamWriterState.h */; };
		BC2BC05E136CE6EB0073BC4B /* SBJsonTokeniser.h in Headers */ = {isa = PBXBuildFile; fileRef = BCA822C8127D68F600DD3FD0 /* SBJsonTokeniser.h */; };
		BC2BC05F136CE6EB0073BC4B /* SBJsonParser.h in Headers */ = {isa = PBXBuildFile; fileRef = 535157780F6E3BE100C8AABD /* SBJsonParser.h */; settings = {ATTRIBUTES = (Private, ); }; };
		BC2BC060136CE6EB0073BC4B /* SBJsonStreamParser.h in Headers */ = {isa = PBXBuildFile; fileRef = BCE5E287129C7D3300C156C0 /* SBJsonStreamParser.h */; settings = {ATTRIBUTES = (Private, ); }; };
		BC2BC061136CE6EB0073BC4B /* SBJsonStreamParserState.h in Headers */ = {isa = PBXBuildFile; fileRef = BCE5E2AC129C809700C156C0 /* SBJsonStreamParserState.h */; };
		BC2BC062136CE6EB0073BC4B /* SBJsonStreamParserAdapter.h in Headers */ = {isa = PBXBuildFile; fileRef = BC9602B512A452CF0024BDA2 /* SBJsonStreamParserAdapter.h */; settings = {ATTRIBUTES = (Private, ); }; };
		BC2BC063136CE7450073BC4B /* StreamParserIntegrationTest.m in Sources */ = {isa = PBXBuildFile; fileRef = BC81A69512AF019F005C034C /* StreamParserIntegrationTest.m */; };
		BC2BC067136CE7450073BC4B /* ErrorTest.m in Sources */ = {isa = PBXBuildFile; fileRef = 53C45B9B0C98A87600546F66 /* ErrorTest.m */; };
		BC2BC069136CE7450073BC4B /* ProxyTest.m in Sources */ = {isa = PBXBuildFile; fileRef = BC74B7AD0FCA8B89000BD3DD /* ProxyTest.m */; };
		BC2BC06A136CE7450073BC4B /* WriterTest.m in Sources */ = {isa = PBXBuildFile; fileRef = BC8F72A61235331400678720 /* WriterTest.m */; };
		BC76F92F138173FC00FF7EC6 /* JsonTestCase.m in Sources */ = {isa = PBXBuildFile; fileRef = BC76F92C138173FC00FF7EC6 /* JsonTestCase.m */; };
		BC76F930138173FC00FF7EC6 /* JsonTestCase.m in Sources */ = {isa = PBXBuildFile; fileRef = BC76F92C138173FC00FF7EC6 /* JsonTestCase.m */; };
		BC78D188137851BF00F5DBA3 /* SBJsonStreamWriterAccumulator.h in Headers */ = {isa = PBXBuildFile; fileRef = BC78D186137851BF00F5DBA3 /* SBJsonStreamWriterAccumulator.h */; };
		BC78D189137851BF00F5DBA3 /* SBJsonStreamWriterAccumulator.h in Headers */ = {isa = PBXBuildFile; fileRef = BC78D186137851BF00F5DBA3 /* SBJsonStreamWriterAccumulator.h */; };
		BC78D18A137851BF00F5DBA3 /* SBJsonStreamWriterAccumulator.m in Sources */ = {isa = PBXBuildFile; fileRef = BC78D187137851BF00F5DBA3 /* SBJsonStreamWriterAccumulator.m */; };
		BC78D18B137851BF00F5DBA3 /* SBJsonStreamWriterAccumulator.m in Sources */ = {isa = PBXBuildFile; fileRef = BC78D187137851BF00F5DBA3 /* SBJsonStreamWriterAccumulator.m */; };
		BC8778E7136CDE4400549A6D /* InfoPlist.strings in Resources */ = {isa = PBXBuildFile; fileRef = BC8778E5136CDE4400549A6D /* InfoPlist.strings */; };
		BC8778F2136CDE4400549A6D /* JSON.framework in Frameworks */ = {isa = PBXBuildFile; fileRef = BC8778DA136CDE4400549A6D /* JSON.framework */; };
		BC8778F8136CDE4400549A6D /* InfoPlist.strings in Resources */ = {isa = PBXBuildFile; fileRef = BC8778F6136CDE4400549A6D /* InfoPlist.strings */; };
		BC877904136CDF9D00549A6D /* SBJsonWriter.m in Sources */ = {isa = PBXBuildFile; fileRef = 535157A40F6EE4A800C8AABD /* SBJsonWriter.m */; };
		BC877905136CDF9D00549A6D /* SBJsonStreamWriter.m in Sources */ = {isa = PBXBuildFile; fileRef = BC651A6D125A502700280F5C /* SBJsonStreamWriter.m */; };
		BC877906136CDF9D00549A6D /* SBJsonStreamWriterState.m in Sources */ = {isa = PBXBuildFile; fileRef = BCCEBEFC12B3E14500263D0F /* SBJsonStreamWriterState.m */; };
		BC877907136CDF9D00549A6D /* SBJsonTokeniser.m in Sources */ = {isa = PBXBuildFile; fileRef = BCA822C9127D68F600DD3FD0 /* SBJsonTokeniser.m */; };
		BC877908136CDF9D00549A6D /* SBJsonParser.m in Sources */ = {isa = PBXBuildFile; fileRef = 535157790F6E3BE100C8AABD /* SBJsonParser.m */; };
		BC877909136CDF9D00549A6D /* SBJsonStreamParser.m in Sources */ = {isa = PBXBuildFile; fileRef = BCE5E2AB129C809700C156C0 /* SBJsonStreamParser.m */; };
		BC87790A136CDF9D00549A6D /* SBJsonStreamParserState.m in Sources */ = {isa = PBXBuildFile; fileRef = BCE5E2AD129C809700C156C0 /* SBJsonStreamParserState.m */; };
		BC87790B136CDF9D00549A6D /* SBJsonStreamParserAdapter.m in Sources */ = {isa = PBXBuildFile; fileRef = BC9602B612A452CF0024BDA2 /* SBJsonStreamParserAdapter.m */; };
		BC9270CC136F7E0A002A7F26 /* NSObject+JSON.m in Sources */ = {isa = PBXBuildFile; fileRef = E75716440C96DB530084A449 /* NSObject+JSON.m */; };
		BCBF785C136EBA3500D4E84B /* RoundTripTest.m in Sources */ = {isa = PBXBuildFile; fileRef = BCBF785B136EBA3500D4E84B /* RoundTripTest.m */; };
		BCBF785D136EBA3500D4E84B /* RoundTripTest.m in Sources */ = {isa = PBXBuildFile; fileRef = BCBF785B136EBA3500D4E84B /* RoundTripTest.m */; };
		BCC77C171376526700EFEB38 /* SBJsonStreamParserAccumulator.h in Headers */ = {isa = PBXBuildFile; fileRef = BCC77C151376526700EFEB38 /* SBJsonStreamParserAccumulator.h */; };
		BCC77C181376526700EFEB38 /* SBJsonStreamParserAccumulator.h in Headers */ = {isa = PBXBuildFile; fileRef = BCC77C151376526700EFEB38 /* SBJsonStreamParserAccumulator.h */; };
		BCC77C191376526700EFEB38 /* SBJsonStreamParserAccumulator.m in Sources */ = {isa = PBXBuildFile; fileRef = BCC77C161376526700EFEB38 /* SBJsonStreamParserAccumulator.m */; };
		BCC77C1A1376526700EFEB38 /* SBJsonStreamParserAccumulator.m in Sources */ = {isa = PBXBuildFile; fileRef = BCC77C161376526700EFEB38 /* SBJsonStreamParserAccumulator.m */; };
/* End PBXBuildFile section */

/* Begin PBXContainerItemProxy section */
		BC2BC03C136CE6B30073BC4B /* PBXContainerItemProxy */ = {
			isa = PBXContainerItemProxy;
			containerPortal = 53D229730C9611FF00276605 /* Project object */;
			proxyType = 1;
			remoteGlobalIDString = BC2BC02B136CE6B30073BC4B;
			remoteInfo = libjson;
		};
		BC8778F0136CDE4400549A6D /* PBXContainerItemProxy */ = {
			isa = PBXContainerItemProxy;
			containerPortal = 53D229730C9611FF00276605 /* Project object */;
			proxyType = 1;
			remoteGlobalIDString = BC8778D9136CDE4400549A6D;
			remoteInfo = JSON;
		};
		BCF6393E12F5FD4F0094F9AE /* PBXContainerItemProxy */ = {
			isa = PBXContainerItemProxy;
			containerPortal = 53D229730C9611FF00276605 /* Project object */;
			proxyType = 1;
			remoteGlobalIDString = BCC047160FB651AF00F9F2D3;
			remoteInfo = "Generate DocSet";
		};
/* End PBXContainerItemProxy section */

/* Begin PBXFileReference section */
		535157780F6E3BE100C8AABD /* SBJsonParser.h */ = {isa = PBXFileReference; fileEncoding = 4; lastKnownFileType = sourcecode.c.h; path = SBJsonParser.h; sourceTree = "<group>"; };
		535157790F6E3BE100C8AABD /* SBJsonParser.m */ = {isa = PBXFileReference; fileEncoding = 4; lastKnownFileType = sourcecode.c.objc; path = SBJsonParser.m; sourceTree = "<group>"; };
		535157A30F6EE4A800C8AABD /* SBJsonWriter.h */ = {isa = PBXFileReference; fileEncoding = 4; lastKnownFileType = sourcecode.c.h; path = SBJsonWriter.h; sourceTree = "<group>"; };
		535157A40F6EE4A800C8AABD /* SBJsonWriter.m */ = {isa = PBXFileReference; fileEncoding = 4; lastKnownFileType = sourcecode.c.objc; path = SBJsonWriter.m; sourceTree = "<group>"; };
		53C45B9B0C98A87600546F66 /* ErrorTest.m */ = {isa = PBXFileReference; fileEncoding = 4; lastKnownFileType = sourcecode.c.objc; path = ErrorTest.m; sourceTree = "<group>"; };
		53D2299A0C96129800276605 /* JSON.h */ = {isa = PBXFileReference; fileEncoding = 4; lastKnownFileType = sourcecode.c.h; path = JSON.h; sourceTree = "<group>"; };
		BC010B181248A5E400ACC736 /* RefreshOnlineDocs.sh */ = {isa = PBXFileReference; fileEncoding = 4; lastKnownFileType = text.script.sh; path = RefreshOnlineDocs.sh; sourceTree = "<group>"; };
		BC073EB51381769D008E27F5 /* JsonCheckerTest.m */ = {isa = PBXFileReference; fileEncoding = 4; lastKnownFileType = sourcecode.c.objc; path = JsonCheckerTest.m; sourceTree = "<group>"; };
		BC073EB8138177CE008E27F5 /* FormatTest.m */ = {isa = PBXFileReference; fileEncoding = 4; lastKnownFileType = sourcecode.c.objc; path = FormatTest.m; sourceTree = "<group>"; };
		BC0DEEB21273A34F006964FC /* ReleaseChecklist.markdown */ = {isa = PBXFileReference; fileEncoding = 4; lastKnownFileType = text; path = ReleaseChecklist.markdown; sourceTree = "<group>"; };
		BC11C970136E5A17005CBB19 /* JSON.h */ = {isa = PBXFileReference; fileEncoding = 4; lastKnownFileType = sourcecode.c.h; path = JSON.h; sourceTree = "<group>"; };
		BC11C974136E5A4D005CBB19 /* SBJsonIncludes.h */ = {isa = PBXFileReference; fileEncoding = 4; lastKnownFileType = sourcecode.c.h; path = SBJsonIncludes.h; sourceTree = "<group>"; };
		BC2BC02C136CE6B30073BC4B /* liblibjson.a */ = {isa = PBXFileReference; explicitFileType = archive.ar; includeInIndex = 0; path = liblibjson.a; sourceTree = BUILT_PRODUCTS_DIR; };
		BC2BC030136CE6B30073BC4B /* libjson-Prefix.pch */ = {isa = PBXFileReference; lastKnownFileType = sourcecode.c.h; path = "libjson-Prefix.pch"; sourceTree = "<group>"; };
		BC2BC036136CE6B30073BC4B /* libjsonTests.octest */ = {isa = PBXFileReference; explicitFileType = wrapper.cfbundle; includeInIndex = 0; path = libjsonTests.octest; sourceTree = BUILT_PRODUCTS_DIR; };
		BC2BC037136CE6B30073BC4B /* UIKit.framework */ = {isa = PBXFileReference; lastKnownFileType = wrapper.framework; name = UIKit.framework; path = System/Library/Frameworks/UIKit.framework; sourceTree = SDKROOT; };
		BC2BC03A136CE6B30073BC4B /* CoreGraphics.framework */ = {isa = PBXFileReference; lastKnownFileType = wrapper.framework; name = CoreGraphics.framework; path = System/Library/Frameworks/CoreGraphics.framework; sourceTree = SDKROOT; };
		BC2BC041136CE6B30073BC4B /* libjsonTests-Info.plist */ = {isa = PBXFileReference; lastKnownFileType = text.plist.xml; path = "libjsonTests-Info.plist"; sourceTree = "<group>"; };
		BC2BC043136CE6B30073BC4B /* en */ = {isa = PBXFileReference; lastKnownFileType = text.plist.strings; name = en; path = en.lproj/InfoPlist.strings; sourceTree = "<group>"; };
		BC2BC045136CE6B30073BC4B /* libjsonTests-Prefix.pch */ = {isa = PBXFileReference; lastKnownFileType = sourcecode.c.h; path = "libjsonTests-Prefix.pch"; sourceTree = "<group>"; };
		BC3A1CDC12060DAC0051A978 /* Changes.markdown */ = {isa = PBXFileReference; fileEncoding = 4; lastKnownFileType = text; path = Changes.markdown; sourceTree = "<group>"; };
		BC3A1CDD12060DAC0051A978 /* Credits.markdown */ = {isa = PBXFileReference; fileEncoding = 4; lastKnownFileType = text; path = Credits.markdown; sourceTree = "<group>"; };
		BC3A1CDE12060DAC0051A978 /* Installation.markdown */ = {isa = PBXFileReference; fileEncoding = 4; lastKnownFileType = text; path = Installation.markdown; sourceTree = "<group>"; };
		BC3A1CDF12060DAC0051A978 /* LICENSE */ = {isa = PBXFileReference; fileEncoding = 4; lastKnownFileType = text; path = LICENSE; sourceTree = "<group>"; };
		BC651A6C125A502700280F5C /* SBJsonStreamWriter.h */ = {isa = PBXFileReference; fileEncoding = 4; lastKnownFileType = sourcecode.c.h; path = SBJsonStreamWriter.h; sourceTree = "<group>"; };
		BC651A6D125A502700280F5C /* SBJsonStreamWriter.m */ = {isa = PBXFileReference; fileEncoding = 4; lastKnownFileType = sourcecode.c.objc; path = SBJsonStreamWriter.m; sourceTree = "<group>"; };
		BC74B7AD0FCA8B89000BD3DD /* ProxyTest.m */ = {isa = PBXFileReference; fileEncoding = 4; lastKnownFileType = sourcecode.c.objc; path = ProxyTest.m; sourceTree = "<group>"; };
		BC76F92B138173FC00FF7EC6 /* JsonTestCase.h */ = {isa = PBXFileReference; fileEncoding = 4; indentWidth = 4; lastKnownFileType = sourcecode.c.h; path = JsonTestCase.h; sourceTree = "<group>"; tabWidth = 4; usesTabs = 0; wrapsLines = 1; };
		BC76F92C138173FC00FF7EC6 /* JsonTestCase.m */ = {isa = PBXFileReference; fileEncoding = 4; indentWidth = 4; lastKnownFileType = sourcecode.c.objc; path = JsonTestCase.m; sourceTree = "<group>"; tabWidth = 4; usesTabs = 0; wrapsLines = 1; };
		BC78D186137851BF00F5DBA3 /* SBJsonStreamWriterAccumulator.h */ = {isa = PBXFileReference; fileEncoding = 4; lastKnownFileType = sourcecode.c.h; path = SBJsonStreamWriterAccumulator.h; sourceTree = "<group>"; };
		BC78D187137851BF00F5DBA3 /* SBJsonStreamWriterAccumulator.m */ = {isa = PBXFileReference; fileEncoding = 4; lastKnownFileType = sourcecode.c.objc; path = SBJsonStreamWriterAccumulator.m; sourceTree = "<group>"; };
		BC81A69512AF019F005C034C /* StreamParserIntegrationTest.m */ = {isa = PBXFileReference; fileEncoding = 4; lastKnownFileType = sourcecode.c.objc; name = StreamParserIntegrationTest.m; path = Tests/StreamParserIntegrationTest.m; sourceTree = SOURCE_ROOT; };
		BC8778DA136CDE4400549A6D /* JSON.framework */ = {isa = PBXFileReference; explicitFileType = wrapper.framework; includeInIndex = 0; path = JSON.framework; sourceTree = BUILT_PRODUCTS_DIR; };
		BC8778E1136CDE4400549A6D /* Foundation.framework */ = {isa = PBXFileReference; lastKnownFileType = wrapper.framework; name = Foundation.framework; path = System/Library/Frameworks/Foundation.framework; sourceTree = SDKROOT; };
		BC8778E4136CDE4400549A6D /* JSON-Info.plist */ = {isa = PBXFileReference; lastKnownFileType = text.plist.xml; path = "JSON-Info.plist"; sourceTree = "<group>"; };
		BC8778E6136CDE4400549A6D /* en */ = {isa = PBXFileReference; lastKnownFileType = text.plist.strings; name = en; path = en.lproj/InfoPlist.strings; sourceTree = "<group>"; };
		BC8778E8136CDE4400549A6D /* JSON-Prefix.pch */ = {isa = PBXFileReference; lastKnownFileType = sourcecode.c.h; path = "JSON-Prefix.pch"; sourceTree = "<group>"; };
		BC8778EE136CDE4400549A6D /* JSONTests.octest */ = {isa = PBXFileReference; explicitFileType = wrapper.cfbundle; includeInIndex = 0; path = JSONTests.octest; sourceTree = BUILT_PRODUCTS_DIR; };
		BC8778F5136CDE4400549A6D /* JSONTests-Info.plist */ = {isa = PBXFileReference; lastKnownFileType = text.plist.xml; path = "JSONTests-Info.plist"; sourceTree = "<group>"; };
		BC8778F7136CDE4400549A6D /* en */ = {isa = PBXFileReference; lastKnownFileType = text.plist.strings; name = en; path = en.lproj/InfoPlist.strings; sourceTree = "<group>"; };
		BC8778F9136CDE4400549A6D /* JSONTests-Prefix.pch */ = {isa = PBXFileReference; lastKnownFileType = sourcecode.c.h; path = "JSONTests-Prefix.pch"; sourceTree = "<group>"; };
		BC8F72A61235331400678720 /* WriterTest.m */ = {isa = PBXFileReference; fileEncoding = 4; lastKnownFileType = sourcecode.c.objc; path = WriterTest.m; sourceTree = "<group>"; };
		BC9602B512A452CF0024BDA2 /* SBJsonStreamParserAdapter.h */ = {isa = PBXFileReference; fileEncoding = 4; lastKnownFileType = sourcecode.c.h; path = SBJsonStreamParserAdapter.h; sourceTree = "<group>"; };
		BC9602B612A452CF0024BDA2 /* SBJsonStreamParserAdapter.m */ = {isa = PBXFileReference; fileEncoding = 4; lastKnownFileType = sourcecode.c.objc; path = SBJsonStreamParserAdapter.m; sourceTree = "<group>"; };
		BCA822C8127D68F600DD3FD0 /* SBJsonTokeniser.h */ = {isa = PBXFileReference; fileEncoding = 4; lastKnownFileType = sourcecode.c.h; path = SBJsonTokeniser.h; sourceTree = "<group>"; };
		BCA822C9127D68F600DD3FD0 /* SBJsonTokeniser.m */ = {isa = PBXFileReference; fileEncoding = 4; lastKnownFileType = sourcecode.c.objc; path = SBJsonTokeniser.m; sourceTree = "<group>"; };
		BCB55A001221D09400ACE34F /* array.json */ = {isa = PBXFileReference; fileEncoding = 4; lastKnownFileType = text; path = array.json; sourceTree = "<group>"; };
		BCB55A011221D09400ACE34F /* array.json.pretty */ = {isa = PBXFileReference; fileEncoding = 4; lastKnownFileType = text; path = array.json.pretty; sourceTree = "<group>"; };
		BCB55A021221D09400ACE34F /* array.json.terse */ = {isa = PBXFileReference; fileEncoding = 4; lastKnownFileType = text; path = array.json.terse; sourceTree = "<group>"; };
		BCB55A031221D09400ACE34F /* bool.json */ = {isa = PBXFileReference; fileEncoding = 4; lastKnownFileType = text; path = bool.json; sourceTree = "<group>"; };
		BCB55A041221D09400ACE34F /* bool.json.pretty */ = {isa = PBXFileReference; fileEncoding = 4; lastKnownFileType = text; path = bool.json.pretty; sourceTree = "<group>"; };
		BCB55A051221D09400ACE34F /* bool.json.terse */ = {isa = PBXFileReference; fileEncoding = 4; lastKnownFileType = text; path = bool.json.terse; sourceTree = "<group>"; };
		BCB55A061221D09400ACE34F /* format.json */ = {isa = PBXFileReference; fileEncoding = 4; lastKnownFileType = text; path = format.json; sourceTree = "<group>"; };
		BCB55A071221D09400ACE34F /* format.json.pretty */ = {isa = PBXFileReference; fileEncoding = 4; lastKnownFileType = text; path = format.json.pretty; sourceTree = "<group>"; };
		BCB55A081221D09400ACE34F /* format.json.terse */ = {isa = PBXFileReference; fileEncoding = 4; lastKnownFileType = text; path = format.json.terse; sourceTree = "<group>"; };
		BCB55A0A1221D09400ACE34F /* 1.json */ = {isa = PBXFileReference; fileEncoding = 4; lastKnownFileType = text; path = 1.json; sourceTree = "<group>"; };
		BCB55A0B1221D09400ACE34F /* 1.json.pretty */ = {isa = PBXFileReference; fileEncoding = 4; lastKnownFileType = text; path = 1.json.pretty; sourceTree = "<group>"; };
		BCB55A0C1221D09400ACE34F /* 1.json.terse */ = {isa = PBXFileReference; fileEncoding = 4; lastKnownFileType = text; path = 1.json.terse; sourceTree = "<group>"; };
		BCB55A0D1221D09400ACE34F /* 2.json */ = {isa = PBXFileReference; fileEncoding = 4; lastKnownFileType = text; path = 2.json; sourceTree = "<group>"; };
		BCB55A0E1221D09400ACE34F /* 2.json.pretty */ = {isa = PBXFileReference; fileEncoding = 4; lastKnownFileType = text; path = 2.json.pretty; sourceTree = "<group>"; };
		BCB55A0F1221D09400ACE34F /* 2.json.terse */ = {isa = PBXFileReference; fileEncoding = 4; lastKnownFileType = text; path = 2.json.terse; sourceTree = "<group>"; };
		BCB55A101221D09400ACE34F /* 3.json */ = {isa = PBXFileReference; fileEncoding = 4; lastKnownFileType = text; path = 3.json; sourceTree = "<group>"; };
		BCB55A111221D09400ACE34F /* 3.json.pretty */ = {isa = PBXFileReference; fileEncoding = 4; lastKnownFileType = text; path = 3.json.pretty; sourceTree = "<group>"; };
		BCB55A121221D09400ACE34F /* 3.json.terse */ = {isa = PBXFileReference; fileEncoding = 4; lastKnownFileType = text; path = 3.json.terse; sourceTree = "<group>"; };
		BCB55A131221D09400ACE34F /* 4.json */ = {isa = PBXFileReference; fileEncoding = 4; lastKnownFileType = text; path = 4.json; sourceTree = "<group>"; };
		BCB55A141221D09400ACE34F /* 4.json.pretty */ = {isa = PBXFileReference; fileEncoding = 4; lastKnownFileType = text; path = 4.json.pretty; sourceTree = "<group>"; };
		BCB55A151221D09400ACE34F /* 4.json.terse */ = {isa = PBXFileReference; fileEncoding = 4; lastKnownFileType = text; path = 4.json.terse; sourceTree = "<group>"; };
		BCB55A161221D09400ACE34F /* 5.json */ = {isa = PBXFileReference; fileEncoding = 4; lastKnownFileType = text; path = 5.json; sourceTree = "<group>"; };
		BCB55A171221D09400ACE34F /* 5.json.pretty */ = {isa = PBXFileReference; fileEncoding = 4; lastKnownFileType = text; path = 5.json.pretty; sourceTree = "<group>"; };
		BCB55A181221D09400ACE34F /* 5.json.terse */ = {isa = PBXFileReference; fileEncoding = 4; lastKnownFileType = text; path = 5.json.terse; sourceTree = "<group>"; };
		BCB55A1A1221D09400ACE34F /* fail1.json */ = {isa = PBXFileReference; fileEncoding = 4; lastKnownFileType = text; path = fail1.json; sourceTree = "<group>"; };
		BCB55A1B1221D09400ACE34F /* fail10.json */ = {isa = PBXFileReference; fileEncoding = 4; lastKnownFileType = text; path = fail10.json; sourceTree = "<group>"; };
		BCB55A1C1221D09400ACE34F /* fail11.json */ = {isa = PBXFileReference; fileEncoding = 4; lastKnownFileType = text; path = fail11.json; sourceTree = "<group>"; };
		BCB55A1D1221D09400ACE34F /* fail12.json */ = {isa = PBXFileReference; fileEncoding = 4; lastKnownFileType = text; path = fail12.json; sourceTree = "<group>"; };
		BCB55A1E1221D09400ACE34F /* fail13.json */ = {isa = PBXFileReference; fileEncoding = 4; lastKnownFileType = text; path = fail13.json; sourceTree = "<group>"; };
		BCB55A1F1221D09400ACE34F /* fail14.json */ = {isa = PBXFileReference; fileEncoding = 4; lastKnownFileType = text; path = fail14.json; sourceTree = "<group>"; };
		BCB55A201221D09400ACE34F /* fail15.json */ = {isa = PBXFileReference; fileEncoding = 4; lastKnownFileType = text; path = fail15.json; sourceTree = "<group>"; };
		BCB55A211221D09400ACE34F /* fail16.json */ = {isa = PBXFileReference; fileEncoding = 4; lastKnownFileType = text; path = fail16.json; sourceTree = "<group>"; };
		BCB55A221221D09400ACE34F /* fail17.json */ = {isa = PBXFileReference; fileEncoding = 4; lastKnownFileType = text; path = fail17.json; sourceTree = "<group>"; };
		BCB55A231221D09400ACE34F /* fail18.json */ = {isa = PBXFileReference; fileEncoding = 4; lastKnownFileType = text; path = fail18.json; sourceTree = "<group>"; };
		BCB55A241221D09400ACE34F /* fail19.json */ = {isa = PBXFileReference; fileEncoding = 4; lastKnownFileType = text; path = fail19.json; sourceTree = "<group>"; };
		BCB55A251221D09400ACE34F /* fail2.json */ = {isa = PBXFileReference; fileEncoding = 4; lastKnownFileType = text; path = fail2.json; sourceTree = "<group>"; };
		BCB55A261221D09400ACE34F /* fail20.json */ = {isa = PBXFileReference; fileEncoding = 4; lastKnownFileType = text; path = fail20.json; sourceTree = "<group>"; };
		BCB55A271221D09400ACE34F /* fail21.json */ = {isa = PBXFileReference; fileEncoding = 4; lastKnownFileType = text; path = fail21.json; sourceTree = "<group>"; };
		BCB55A281221D09400ACE34F /* fail22.json */ = {isa = PBXFileReference; fileEncoding = 4; lastKnownFileType = text; path = fail22.json; sourceTree = "<group>"; };
		BCB55A291221D09400ACE34F /* fail23.json */ = {isa = PBXFileReference; fileEncoding = 4; lastKnownFileType = text; path = fail23.json; sourceTree = "<group>"; };
		BCB55A2A1221D09400ACE34F /* fail24.json */ = {isa = PBXFileReference; fileEncoding = 4; lastKnownFileType = text; path = fail24.json; sourceTree = "<group>"; };
		BCB55A2B1221D09400ACE34F /* fail25.json */ = {isa = PBXFileReference; fileEncoding = 4; lastKnownFileType = text; path = fail25.json; sourceTree = "<group>"; };
		BCB55A2C1221D09400ACE34F /* fail26.json */ = {isa = PBXFileReference; fileEncoding = 4; lastKnownFileType = text; path = fail26.json; sourceTree = "<group>"; };
		BCB55A2D1221D09400ACE34F /* fail27.json */ = {isa = PBXFileReference; fileEncoding = 4; lastKnownFileType = text; path = fail27.json; sourceTree = "<group>"; };
		BCB55A2E1221D09400ACE34F /* fail28.json */ = {isa = PBXFileReference; fileEncoding = 4; lastKnownFileType = text; path = fail28.json; sourceTree = "<group>"; };
		BCB55A2F1221D09400ACE34F /* fail29.json */ = {isa = PBXFileReference; fileEncoding = 4; lastKnownFileType = text; path = fail29.json; sourceTree = "<group>"; };
		BCB55A301221D09400ACE34F /* fail3.json */ = {isa = PBXFileReference; fileEncoding = 4; lastKnownFileType = text; path = fail3.json; sourceTree = "<group>"; };
		BCB55A311221D09400ACE34F /* fail30.json */ = {isa = PBXFileReference; fileEncoding = 4; lastKnownFileType = text; path = fail30.json; sourceTree = "<group>"; };
		BCB55A321221D09400ACE34F /* fail31.json */ = {isa = PBXFileReference; fileEncoding = 4; lastKnownFileType = text; path = fail31.json; sourceTree = "<group>"; };
		BCB55A331221D09400ACE34F /* fail32.json */ = {isa = PBXFileReference; fileEncoding = 4; lastKnownFileType = text; path = fail32.json; sourceTree = "<group>"; };
		BCB55A341221D09400ACE34F /* fail33.json */ = {isa = PBXFileReference; fileEncoding = 4; lastKnownFileType = text; path = fail33.json; sourceTree = "<group>"; };
		BCB55A351221D09400ACE34F /* fail4.json */ = {isa = PBXFileReference; fileEncoding = 4; lastKnownFileType = text; path = fail4.json; sourceTree = "<group>"; };
		BCB55A361221D09400ACE34F /* fail5.json */ = {isa = PBXFileReference; fileEncoding = 4; lastKnownFileType = text; path = fail5.json; sourceTree = "<group>"; };
		BCB55A371221D09400ACE34F /* fail6.json */ = {isa = PBXFileReference; fileEncoding = 4; lastKnownFileType = text; path = fail6.json; sourceTree = "<group>"; };
		BCB55A381221D09400ACE34F /* fail7.json */ = {isa = PBXFileReference; fileEncoding = 4; lastKnownFileType = text; path = fail7.json; sourceTree = "<group>"; };
		BCB55A391221D09400ACE34F /* fail8.json */ = {isa = PBXFileReference; fileEncoding = 4; lastKnownFileType = text; path = fail8.json; sourceTree = "<group>"; };
		BCB55A3A1221D09400ACE34F /* fail9.json */ = {isa = PBXFileReference; fileEncoding = 4; lastKnownFileType = text; path = fail9.json; sourceTree = "<group>"; };
		BCB55A3B1221D09400ACE34F /* pass1.json */ = {isa = PBXFileReference; fileEncoding = 4; lastKnownFileType = text; path = pass1.json; sourceTree = "<group>"; };
		BCB55A3C1221D09400ACE34F /* pass1.json.pretty */ = {isa = PBXFileReference; fileEncoding = 4; lastKnownFileType = text; path = pass1.json.pretty; sourceTree = "<group>"; };
		BCB55A3D1221D09400ACE34F /* pass1.json.terse */ = {isa = PBXFileReference; fileEncoding = 4; lastKnownFileType = text; path = pass1.json.terse; sourceTree = "<group>"; };
		BCB55A3E1221D09400ACE34F /* pass2.json */ = {isa = PBXFileReference; fileEncoding = 4; lastKnownFileType = text; path = pass2.json; sourceTree = "<group>"; };
		BCB55A3F1221D09400ACE34F /* pass2.json.pretty */ = {isa = PBXFileReference; fileEncoding = 4; lastKnownFileType = text; path = pass2.json.pretty; sourceTree = "<group>"; };
		BCB55A401221D09400ACE34F /* pass2.json.terse */ = {isa = PBXFileReference; fileEncoding = 4; lastKnownFileType = text; path = pass2.json.terse; sourceTree = "<group>"; };
		BCB55A411221D09400ACE34F /* pass3.json */ = {isa = PBXFileReference; fileEncoding = 4; lastKnownFileType = text; path = pass3.json; sourceTree = "<group>"; };
		BCB55A421221D09400ACE34F /* pass3.json.pretty */ = {isa = PBXFileReference; fileEncoding = 4; lastKnownFileType = text; path = pass3.json.pretty; sourceTree = "<group>"; };
		BCB55A431221D09400ACE34F /* pass3.json.terse */ = {isa = PBXFileReference; fileEncoding = 4; lastKnownFileType = text; path = pass3.json.terse; sourceTree = "<group>"; };
		BCB55A441221D09400ACE34F /* null.json */ = {isa = PBXFileReference; fileEncoding = 4; lastKnownFileType = text; path = null.json; sourceTree = "<group>"; };
		BCB55A451221D09400ACE34F /* null.json.pretty */ = {isa = PBXFileReference; fileEncoding = 4; lastKnownFileType = text; path = null.json.pretty; sourceTree = "<group>"; };
		BCB55A461221D09400ACE34F /* null.json.terse */ = {isa = PBXFileReference; fileEncoding = 4; lastKnownFileType = text; path = null.json.terse; sourceTree = "<group>"; };
		BCB55A471221D09400ACE34F /* number.json */ = {isa = PBXFileReference; fileEncoding = 4; lastKnownFileType = text; path = number.json; sourceTree = "<group>"; };
		BCB55A481221D09400ACE34F /* number.json.pretty */ = {isa = PBXFileReference; fileEncoding = 4; lastKnownFileType = text; path = number.json.pretty; sourceTree = "<group>"; };
		BCB55A491221D09400ACE34F /* number.json.terse */ = {isa = PBXFileReference; fileEncoding = 4; lastKnownFileType = text; path = number.json.terse; sourceTree = "<group>"; };
		BCB55A4A1221D09400ACE34F /* object.json */ = {isa = PBXFileReference; fileEncoding = 4; lastKnownFileType = text; path = object.json; sourceTree = "<group>"; };
		BCB55A4B1221D09400ACE34F /* object.json.pretty */ = {isa = PBXFileReference; fileEncoding = 4; lastKnownFileType = text; path = object.json.pretty; sourceTree = "<group>"; };
		BCB55A4C1221D09400ACE34F /* object.json.terse */ = {isa = PBXFileReference; fileEncoding = 4; lastKnownFileType = text; path = object.json.terse; sourceTree = "<group>"; };
		BCB55A4F1221D09400ACE34F /* a.json */ = {isa = PBXFileReference; fileEncoding = 4; lastKnownFileType = text; path = a.json; sourceTree = "<group>"; };
		BCB55A501221D09400ACE34F /* a.json.pretty */ = {isa = PBXFileReference; fileEncoding = 4; lastKnownFileType = text; path = a.json.pretty; sourceTree = "<group>"; };
		BCB55A511221D09400ACE34F /* a.json.terse */ = {isa = PBXFileReference; fileEncoding = 4; lastKnownFileType = text; path = a.json.terse; sourceTree = "<group>"; };
		BCB55A521221D09400ACE34F /* b.json */ = {isa = PBXFileReference; fileEncoding = 4; lastKnownFileType = text; path = b.json; sourceTree = "<group>"; };
		BCB55A531221D09400ACE34F /* b.json.pretty */ = {isa = PBXFileReference; fileEncoding = 4; lastKnownFileType = text; path = b.json.pretty; sourceTree = "<group>"; };
		BCB55A541221D09400ACE34F /* b.json.terse */ = {isa = PBXFileReference; fileEncoding = 4; lastKnownFileType = text; path = b.json.terse; sourceTree = "<group>"; };
		BCB55A551221D09400ACE34F /* string-ctrl.json */ = {isa = PBXFileReference; fileEncoding = 4; lastKnownFileType = text; path = "string-ctrl.json"; sourceTree = "<group>"; };
		BCB55A561221D09400ACE34F /* string-ctrl.json.pretty */ = {isa = PBXFileReference; fileEncoding = 4; lastKnownFileType = text; path = "string-ctrl.json.pretty"; sourceTree = "<group>"; };
		BCB55A571221D09400ACE34F /* string-ctrl.json.terse */ = {isa = PBXFileReference; fileEncoding = 4; lastKnownFileType = text; path = "string-ctrl.json.terse"; sourceTree = "<group>"; };
		BCB55A581221D09400ACE34F /* string-unicode.json */ = {isa = PBXFileReference; fileEncoding = 4; lastKnownFileType = text; path = "string-unicode.json"; sourceTree = "<group>"; };
		BCB55A591221D09400ACE34F /* string-unicode.json.pretty */ = {isa = PBXFileReference; fileEncoding = 4; lastKnownFileType = text; path = "string-unicode.json.pretty"; sourceTree = "<group>"; };
		BCB55A5A1221D09400ACE34F /* string-unicode.json.terse */ = {isa = PBXFileReference; fileEncoding = 4; lastKnownFileType = text; path = "string-unicode.json.terse"; sourceTree = "<group>"; };
		BCB55A5B1221D09400ACE34F /* string.json */ = {isa = PBXFileReference; fileEncoding = 4; lastKnownFileType = text; path = string.json; sourceTree = "<group>"; };
		BCB55A5C1221D09400ACE34F /* string.json.pretty */ = {isa = PBXFileReference; fileEncoding = 4; lastKnownFileType = text; path = string.json.pretty; sourceTree = "<group>"; };
		BCB55A5D1221D09400ACE34F /* string.json.terse */ = {isa = PBXFileReference; fileEncoding = 4; lastKnownFileType = text; path = string.json.terse; sourceTree = "<group>"; };
		BCB55B411221D4B800ACE34F /* README */ = {isa = PBXFileReference; fileEncoding = 4; lastKnownFileType = text; path = README; sourceTree = "<group>"; };
		BCB55B421221D4E200ACE34F /* README */ = {isa = PBXFileReference; fileEncoding = 4; lastKnownFileType = text; path = README; sourceTree = "<group>"; };
		BCB55B441221D50500ACE34F /* README */ = {isa = PBXFileReference; fileEncoding = 4; lastKnownFileType = text; path = README; sourceTree = "<group>"; };
		BCBF785B136EBA3500D4E84B /* RoundTripTest.m */ = {isa = PBXFileReference; fileEncoding = 4; lastKnownFileType = sourcecode.c.objc; path = RoundTripTest.m; sourceTree = "<group>"; };
		BCC0466C0FB62CF100F9F2D3 /* Readme.markdown */ = {isa = PBXFileReference; fileEncoding = 4; lastKnownFileType = text; path = Readme.markdown; sourceTree = "<group>"; };
		BCC047320FB6584C00F9F2D3 /* InstallDocumentation.sh */ = {isa = PBXFileReference; explicitFileType = text.script.sh; fileEncoding = 4; path = InstallDocumentation.sh; sourceTree = "<group>"; };
		BCC77C151376526700EFEB38 /* SBJsonStreamParserAccumulator.h */ = {isa = PBXFileReference; fileEncoding = 4; lastKnownFileType = sourcecode.c.h; path = SBJsonStreamParserAccumulator.h; sourceTree = "<group>"; };
		BCC77C161376526700EFEB38 /* SBJsonStreamParserAccumulator.m */ = {isa = PBXFileReference; fileEncoding = 4; lastKnownFileType = sourcecode.c.objc; path = SBJsonStreamParserAccumulator.m; sourceTree = "<group>"; };
		BCCEBEFB12B3E14500263D0F /* SBJsonStreamWriterState.h */ = {isa = PBXFileReference; fileEncoding = 4; lastKnownFileType = sourcecode.c.h; path = SBJsonStreamWriterState.h; sourceTree = "<group>"; };
		BCCEBEFC12B3E14500263D0F /* SBJsonStreamWriterState.m */ = {isa = PBXFileReference; fileEncoding = 4; lastKnownFileType = sourcecode.c.objc; path = SBJsonStreamWriterState.m; sourceTree = "<group>"; };
		BCE5E287129C7D3300C156C0 /* SBJsonStreamParser.h */ = {isa = PBXFileReference; fileEncoding = 4; lastKnownFileType = sourcecode.c.h; path = SBJsonStreamParser.h; sourceTree = "<group>"; };
		BCE5E2AB129C809700C156C0 /* SBJsonStreamParser.m */ = {isa = PBXFileReference; fileEncoding = 4; lastKnownFileType = sourcecode.c.objc; path = SBJsonStreamParser.m; sourceTree = "<group>"; };
		BCE5E2AC129C809700C156C0 /* SBJsonStreamParserState.h */ = {isa = PBXFileReference; fileEncoding = 4; lastKnownFileType = sourcecode.c.h; path = SBJsonStreamParserState.h; sourceTree = "<group>"; };
		BCE5E2AD129C809700C156C0 /* SBJsonStreamParserState.m */ = {isa = PBXFileReference; fileEncoding = 4; lastKnownFileType = sourcecode.c.objc; path = SBJsonStreamParserState.m; sourceTree = "<group>"; };
		E75716430C96DB530084A449 /* NSObject+JSON.h */ = {isa = PBXFileReference; fileEncoding = 4; lastKnownFileType = sourcecode.c.h; path = "NSObject+JSON.h"; sourceTree = "<group>"; };
		E75716440C96DB530084A449 /* NSObject+JSON.m */ = {isa = PBXFileReference; fileEncoding = 4; lastKnownFileType = sourcecode.c.objc; path = "NSObject+JSON.m"; sourceTree = "<group>"; };
/* End PBXFileReference section */

/* Begin PBXFrameworksBuildPhase section */
		BC2BC029136CE6B30073BC4B /* Frameworks */ = {
			isa = PBXFrameworksBuildPhase;
			buildActionMask = 2147483647;
			files = (
				BC2BC02D136CE6B30073BC4B /* Foundation.framework in Frameworks */,
			);
			runOnlyForDeploymentPostprocessing = 0;
		};
		BC2BC032136CE6B30073BC4B /* Frameworks */ = {
			isa = PBXFrameworksBuildPhase;
			buildActionMask = 2147483647;
			files = (
				BC2BC039136CE6B30073BC4B /* Foundation.framework in Frameworks */,
				BC2BC03E136CE6B30073BC4B /* liblibjson.a in Frameworks */,
			);
			runOnlyForDeploymentPostprocessing = 0;
		};
		BC8778D6136CDE4400549A6D /* Frameworks */ = {
			isa = PBXFrameworksBuildPhase;
			buildActionMask = 2147483647;
			files = (
				BC024D53136CDFF6001FD388 /* Foundation.framework in Frameworks */,
			);
			runOnlyForDeploymentPostprocessing = 0;
		};
		BC8778EA136CDE4400549A6D /* Frameworks */ = {
			isa = PBXFrameworksBuildPhase;
			buildActionMask = 2147483647;
			files = (
				BC024D69136CE13F001FD388 /* Foundation.framework in Frameworks */,
				BC8778F2136CDE4400549A6D /* JSON.framework in Frameworks */,
			);
			runOnlyForDeploymentPostprocessing = 0;
		};
/* End PBXFrameworksBuildPhase section */

/* Begin PBXGroup section */
		53D229710C9611FF00276605 = {
			isa = PBXGroup;
			children = (
				53D229950C96123C00276605 /* Classes */,
				53D229960C96124500276605 /* Tests */,
				BCB559FF1221D09300ACE34F /* Test Data */,
				BC8778E2136CDE4400549A6D /* JSON */,
				BC8778F3136CDE4400549A6D /* JSONTests */,
				BC2BC02E136CE6B30073BC4B /* libjson */,
				BC2BC03F136CE6B30073BC4B /* libjsonTests */,
				BC8778DB136CDE4400549A6D /* Frameworks */,
				53D229820C96121600276605 /* Products */,
				BCC047D30FB742FC00F9F2D3 /* Documents */,
				BCC046DF0FB6478C00F9F2D3 /* Scripts */,
			);
			sourceTree = "<group>";
		};
		53D229820C96121600276605 /* Products */ = {
			isa = PBXGroup;
			children = (
				BC8778DA136CDE4400549A6D /* JSON.framework */,
				BC8778EE136CDE4400549A6D /* JSONTests.octest */,
				BC2BC02C136CE6B30073BC4B /* liblibjson.a */,
				BC2BC036136CE6B30073BC4B /* libjsonTests.octest */,
			);
			name = Products;
			sourceTree = "<group>";
		};
		53D229950C96123C00276605 /* Classes */ = {
			isa = PBXGroup;
			children = (
				BC11C974136E5A4D005CBB19 /* SBJsonIncludes.h */,
				53D2299A0C96129800276605 /* JSON.h */,
				E75716430C96DB530084A449 /* NSObject+JSON.h */,
				E75716440C96DB530084A449 /* NSObject+JSON.m */,
				535157A30F6EE4A800C8AABD /* SBJsonWriter.h */,
				535157A40F6EE4A800C8AABD /* SBJsonWriter.m */,
				BC651A6C125A502700280F5C /* SBJsonStreamWriter.h */,
				BC651A6D125A502700280F5C /* SBJsonStreamWriter.m */,
				BC78D186137851BF00F5DBA3 /* SBJsonStreamWriterAccumulator.h */,
				BC78D187137851BF00F5DBA3 /* SBJsonStreamWriterAccumulator.m */,
				BCCEBEFB12B3E14500263D0F /* SBJsonStreamWriterState.h */,
				BCCEBEFC12B3E14500263D0F /* SBJsonStreamWriterState.m */,
				BCA822C8127D68F600DD3FD0 /* SBJsonTokeniser.h */,
				BCA822C9127D68F600DD3FD0 /* SBJsonTokeniser.m */,
				535157780F6E3BE100C8AABD /* SBJsonParser.h */,
				535157790F6E3BE100C8AABD /* SBJsonParser.m */,
				BCE5E287129C7D3300C156C0 /* SBJsonStreamParser.h */,
				BCE5E2AB129C809700C156C0 /* SBJsonStreamParser.m */,
				BCE5E2AC129C809700C156C0 /* SBJsonStreamParserState.h */,
				BCE5E2AD129C809700C156C0 /* SBJsonStreamParserState.m */,
				BC9602B512A452CF0024BDA2 /* SBJsonStreamParserAdapter.h */,
				BC9602B612A452CF0024BDA2 /* SBJsonStreamParserAdapter.m */,
				BCC77C151376526700EFEB38 /* SBJsonStreamParserAccumulator.h */,
				BCC77C161376526700EFEB38 /* SBJsonStreamParserAccumulator.m */,
			);
			path = Classes;
			sourceTree = "<group>";
		};
		53D229960C96124500276605 /* Tests */ = {
			isa = PBXGroup;
			children = (
				BC76F92B138173FC00FF7EC6 /* JsonTestCase.h */,
				BC76F92C138173FC00FF7EC6 /* JsonTestCase.m */,
				BC073EB51381769D008E27F5 /* JsonCheckerTest.m */,
				BC073EB8138177CE008E27F5 /* FormatTest.m */,
				BCBF785B136EBA3500D4E84B /* RoundTripTest.m */,
				BC81A69512AF019F005C034C /* StreamParserIntegrationTest.m */,
				53C45B9B0C98A87600546F66 /* ErrorTest.m */,
				BC74B7AD0FCA8B89000BD3DD /* ProxyTest.m */,
				BC8F72A61235331400678720 /* WriterTest.m */,
			);
			path = Tests;
			sourceTree = "<group>";
		};
		BC2BC02E136CE6B30073BC4B /* libjson */ = {
			isa = PBXGroup;
			children = (
				BC2BC02F136CE6B30073BC4B /* Supporting Files */,
			);
			path = libjson;
			sourceTree = "<group>";
		};
		BC2BC02F136CE6B30073BC4B /* Supporting Files */ = {
			isa = PBXGroup;
			children = (
				BC2BC030136CE6B30073BC4B /* libjson-Prefix.pch */,
			);
			name = "Supporting Files";
			sourceTree = "<group>";
		};
		BC2BC03F136CE6B30073BC4B /* libjsonTests */ = {
			isa = PBXGroup;
			children = (
				BC2BC040136CE6B30073BC4B /* Supporting Files */,
			);
			path = libjsonTests;
			sourceTree = "<group>";
		};
		BC2BC040136CE6B30073BC4B /* Supporting Files */ = {
			isa = PBXGroup;
			children = (
				BC2BC041136CE6B30073BC4B /* libjsonTests-Info.plist */,
				BC2BC042136CE6B30073BC4B /* InfoPlist.strings */,
				BC2BC045136CE6B30073BC4B /* libjsonTests-Prefix.pch */,
			);
			name = "Supporting Files";
			sourceTree = "<group>";
		};
		BC8778DB136CDE4400549A6D /* Frameworks */ = {
			isa = PBXGroup;
			children = (
				BC8778E1136CDE4400549A6D /* Foundation.framework */,
				BC2BC037136CE6B30073BC4B /* UIKit.framework */,
				BC2BC03A136CE6B30073BC4B /* CoreGraphics.framework */,
			);
			name = Frameworks;
			sourceTree = "<group>";
		};
		BC8778E2136CDE4400549A6D /* JSON */ = {
			isa = PBXGroup;
			children = (
				BC11C970136E5A17005CBB19 /* JSON.h */,
				BC8778E3136CDE4400549A6D /* Supporting Files */,
			);
			path = JSON;
			sourceTree = "<group>";
		};
		BC8778E3136CDE4400549A6D /* Supporting Files */ = {
			isa = PBXGroup;
			children = (
				BC8778E4136CDE4400549A6D /* JSON-Info.plist */,
				BC8778E5136CDE4400549A6D /* InfoPlist.strings */,
				BC8778E8136CDE4400549A6D /* JSON-Prefix.pch */,
			);
			name = "Supporting Files";
			sourceTree = "<group>";
		};
		BC8778F3136CDE4400549A6D /* JSONTests */ = {
			isa = PBXGroup;
			children = (
				BC8778F4136CDE4400549A6D /* Supporting Files */,
			);
			path = JSONTests;
			sourceTree = "<group>";
		};
		BC8778F4136CDE4400549A6D /* Supporting Files */ = {
			isa = PBXGroup;
			children = (
				BC8778F5136CDE4400549A6D /* JSONTests-Info.plist */,
				BC8778F6136CDE4400549A6D /* InfoPlist.strings */,
				BC8778F9136CDE4400549A6D /* JSONTests-Prefix.pch */,
			);
			name = "Supporting Files";
			sourceTree = "<group>";
		};
		BCB559FF1221D09300ACE34F /* Test Data */ = {
			isa = PBXGroup;
			children = (
				BCB55A001221D09400ACE34F /* array.json */,
				BCB55A011221D09400ACE34F /* array.json.pretty */,
				BCB55A021221D09400ACE34F /* array.json.terse */,
				BCB55A031221D09400ACE34F /* bool.json */,
				BCB55A041221D09400ACE34F /* bool.json.pretty */,
				BCB55A051221D09400ACE34F /* bool.json.terse */,
				BCB55A061221D09400ACE34F /* format.json */,
				BCB55A071221D09400ACE34F /* format.json.pretty */,
				BCB55A081221D09400ACE34F /* format.json.terse */,
				BCB55A091221D09400ACE34F /* json.org */,
				BCB55A191221D09400ACE34F /* jsonchecker */,
				BCB55A441221D09400ACE34F /* null.json */,
				BCB55A451221D09400ACE34F /* null.json.pretty */,
				BCB55A461221D09400ACE34F /* null.json.terse */,
				BCB55A471221D09400ACE34F /* number.json */,
				BCB55A481221D09400ACE34F /* number.json.pretty */,
				BCB55A491221D09400ACE34F /* number.json.terse */,
				BCB55A4A1221D09400ACE34F /* object.json */,
				BCB55A4B1221D09400ACE34F /* object.json.pretty */,
				BCB55A4C1221D09400ACE34F /* object.json.terse */,
				BCB55A4E1221D09400ACE34F /* rfc4627 */,
				BCB55A551221D09400ACE34F /* string-ctrl.json */,
				BCB55A561221D09400ACE34F /* string-ctrl.json.pretty */,
				BCB55A571221D09400ACE34F /* string-ctrl.json.terse */,
				BCB55A581221D09400ACE34F /* string-unicode.json */,
				BCB55A591221D09400ACE34F /* string-unicode.json.pretty */,
				BCB55A5A1221D09400ACE34F /* string-unicode.json.terse */,
				BCB55A5B1221D09400ACE34F /* string.json */,
				BCB55A5C1221D09400ACE34F /* string.json.pretty */,
				BCB55A5D1221D09400ACE34F /* string.json.terse */,
			);
			name = "Test Data";
			path = Tests/Data;
			sourceTree = "<group>";
		};
		BCB55A091221D09400ACE34F /* json.org */ = {
			isa = PBXGroup;
			children = (
				BCB55A0A1221D09400ACE34F /* 1.json */,
				BCB55A0B1221D09400ACE34F /* 1.json.pretty */,
				BCB55A0C1221D09400ACE34F /* 1.json.terse */,
				BCB55A0D1221D09400ACE34F /* 2.json */,
				BCB55A0E1221D09400ACE34F /* 2.json.pretty */,
				BCB55A0F1221D09400ACE34F /* 2.json.terse */,
				BCB55A101221D09400ACE34F /* 3.json */,
				BCB55A111221D09400ACE34F /* 3.json.pretty */,
				BCB55A121221D09400ACE34F /* 3.json.terse */,
				BCB55A131221D09400ACE34F /* 4.json */,
				BCB55A141221D09400ACE34F /* 4.json.pretty */,
				BCB55A151221D09400ACE34F /* 4.json.terse */,
				BCB55A161221D09400ACE34F /* 5.json */,
				BCB55A171221D09400ACE34F /* 5.json.pretty */,
				BCB55A181221D09400ACE34F /* 5.json.terse */,
				BCB55B411221D4B800ACE34F /* README */,
			);
			path = json.org;
			sourceTree = "<group>";
		};
		BCB55A191221D09400ACE34F /* jsonchecker */ = {
			isa = PBXGroup;
			children = (
				BCB55A1A1221D09400ACE34F /* fail1.json */,
				BCB55A1B1221D09400ACE34F /* fail10.json */,
				BCB55A1C1221D09400ACE34F /* fail11.json */,
				BCB55A1D1221D09400ACE34F /* fail12.json */,
				BCB55A1E1221D09400ACE34F /* fail13.json */,
				BCB55A1F1221D09400ACE34F /* fail14.json */,
				BCB55A201221D09400ACE34F /* fail15.json */,
				BCB55A211221D09400ACE34F /* fail16.json */,
				BCB55A221221D09400ACE34F /* fail17.json */,
				BCB55A231221D09400ACE34F /* fail18.json */,
				BCB55A241221D09400ACE34F /* fail19.json */,
				BCB55A251221D09400ACE34F /* fail2.json */,
				BCB55A261221D09400ACE34F /* fail20.json */,
				BCB55A271221D09400ACE34F /* fail21.json */,
				BCB55A281221D09400ACE34F /* fail22.json */,
				BCB55A291221D09400ACE34F /* fail23.json */,
				BCB55A2A1221D09400ACE34F /* fail24.json */,
				BCB55A2B1221D09400ACE34F /* fail25.json */,
				BCB55A2C1221D09400ACE34F /* fail26.json */,
				BCB55A2D1221D09400ACE34F /* fail27.json */,
				BCB55A2E1221D09400ACE34F /* fail28.json */,
				BCB55A2F1221D09400ACE34F /* fail29.json */,
				BCB55A301221D09400ACE34F /* fail3.json */,
				BCB55A311221D09400ACE34F /* fail30.json */,
				BCB55A321221D09400ACE34F /* fail31.json */,
				BCB55A331221D09400ACE34F /* fail32.json */,
				BCB55A341221D09400ACE34F /* fail33.json */,
				BCB55A351221D09400ACE34F /* fail4.json */,
				BCB55A361221D09400ACE34F /* fail5.json */,
				BCB55A371221D09400ACE34F /* fail6.json */,
				BCB55A381221D09400ACE34F /* fail7.json */,
				BCB55A391221D09400ACE34F /* fail8.json */,
				BCB55A3A1221D09400ACE34F /* fail9.json */,
				BCB55A3B1221D09400ACE34F /* pass1.json */,
				BCB55A3C1221D09400ACE34F /* pass1.json.pretty */,
				BCB55A3D1221D09400ACE34F /* pass1.json.terse */,
				BCB55A3E1221D09400ACE34F /* pass2.json */,
				BCB55A3F1221D09400ACE34F /* pass2.json.pretty */,
				BCB55A401221D09400ACE34F /* pass2.json.terse */,
				BCB55A411221D09400ACE34F /* pass3.json */,
				BCB55A421221D09400ACE34F /* pass3.json.pretty */,
				BCB55A431221D09400ACE34F /* pass3.json.terse */,
				BCB55B421221D4E200ACE34F /* README */,
			);
			path = jsonchecker;
			sourceTree = "<group>";
		};
		BCB55A4E1221D09400ACE34F /* rfc4627 */ = {
			isa = PBXGroup;
			children = (
				BCB55A4F1221D09400ACE34F /* a.json */,
				BCB55A501221D09400ACE34F /* a.json.pretty */,
				BCB55A511221D09400ACE34F /* a.json.terse */,
				BCB55A521221D09400ACE34F /* b.json */,
				BCB55A531221D09400ACE34F /* b.json.pretty */,
				BCB55A541221D09400ACE34F /* b.json.terse */,
				BCB55B441221D50500ACE34F /* README */,
			);
			path = rfc4627;
			sourceTree = "<group>";
		};
		BCC046DF0FB6478C00F9F2D3 /* Scripts */ = {
			isa = PBXGroup;
			children = (
				BC010B181248A5E400ACC736 /* RefreshOnlineDocs.sh */,
				BCC047320FB6584C00F9F2D3 /* InstallDocumentation.sh */,
			);
			path = Scripts;
			sourceTree = "<group>";
		};
		BCC047D30FB742FC00F9F2D3 /* Documents */ = {
			isa = PBXGroup;
			children = (
				BC0DEEB21273A34F006964FC /* ReleaseChecklist.markdown */,
				BC3A1CDC12060DAC0051A978 /* Changes.markdown */,
				BC3A1CDD12060DAC0051A978 /* Credits.markdown */,
				BC3A1CDE12060DAC0051A978 /* Installation.markdown */,
				BC3A1CDF12060DAC0051A978 /* LICENSE */,
				BCC0466C0FB62CF100F9F2D3 /* Readme.markdown */,
			);
			name = Documents;
			sourceTree = "<group>";
		};
/* End PBXGroup section */

/* Begin PBXHeadersBuildPhase section */
		BC2BC02A136CE6B30073BC4B /* Headers */ = {
			isa = PBXHeadersBuildPhase;
			buildActionMask = 2147483647;
			files = (
				BC11C972136E5A17005CBB19 /* JSON.h in Headers */,
				BC11C976136E5A4D005CBB19 /* SBJsonIncludes.h in Headers */,
				BC2BC05A136CE6EB0073BC4B /* NSObject+JSON.h in Headers */,
				BC2BC05B136CE6EB0073BC4B /* SBJsonWriter.h in Headers */,
				BC2BC05C136CE6EB0073BC4B /* SBJsonStreamWriter.h in Headers */,
				BC2BC05F136CE6EB0073BC4B /* SBJsonParser.h in Headers */,
				BC2BC060136CE6EB0073BC4B /* SBJsonStreamParser.h in Headers */,
				BC2BC062136CE6EB0073BC4B /* SBJsonStreamParserAdapter.h in Headers */,
				BC2BC05D136CE6EB0073BC4B /* SBJsonStreamWriterState.h in Headers */,
				BC2BC05E136CE6EB0073BC4B /* SBJsonTokeniser.h in Headers */,
				BC2BC061136CE6EB0073BC4B /* SBJsonStreamParserState.h in Headers */,
				BCC77C181376526700EFEB38 /* SBJsonStreamParserAccumulator.h in Headers */,
				BC78D189137851BF00F5DBA3 /* SBJsonStreamWriterAccumulator.h in Headers */,
			);
			runOnlyForDeploymentPostprocessing = 0;
		};
		BC8778D7136CDE4400549A6D /* Headers */ = {
			isa = PBXHeadersBuildPhase;
			buildActionMask = 2147483647;
			files = (
				BC11C971136E5A17005CBB19 /* JSON.h in Headers */,
				BC11C975136E5A4D005CBB19 /* SBJsonIncludes.h in Headers */,
				BC024D5D136CE06A001FD388 /* SBJsonStreamParserAdapter.h in Headers */,
				BC024D55136CE06A001FD388 /* NSObject+JSON.h in Headers */,
				BC024D56136CE06A001FD388 /* SBJsonWriter.h in Headers */,
				BC024D57136CE06A001FD388 /* SBJsonStreamWriter.h in Headers */,
				BC024D5A136CE06A001FD388 /* SBJsonParser.h in Headers */,
				BC024D5B136CE06A001FD388 /* SBJsonStreamParser.h in Headers */,
				BC024D58136CE06A001FD388 /* SBJsonStreamWriterState.h in Headers */,
				BC024D59136CE06A001FD388 /* SBJsonTokeniser.h in Headers */,
				BC024D5C136CE06A001FD388 /* SBJsonStreamParserState.h in Headers */,
				BCC77C171376526700EFEB38 /* SBJsonStreamParserAccumulator.h in Headers */,
				BC78D188137851BF00F5DBA3 /* SBJsonStreamWriterAccumulator.h in Headers */,
			);
			runOnlyForDeploymentPostprocessing = 0;
		};
/* End PBXHeadersBuildPhase section */

/* Begin PBXNativeTarget section */
		BC2BC02B136CE6B30073BC4B /* libjson */ = {
			isa = PBXNativeTarget;
			buildConfigurationList = BC2BC04A136CE6B30073BC4B /* Build configuration list for PBXNativeTarget "libjson" */;
			buildPhases = (
				BC2BC028136CE6B30073BC4B /* Sources */,
				BC2BC029136CE6B30073BC4B /* Frameworks */,
				BC2BC02A136CE6B30073BC4B /* Headers */,
			);
			buildRules = (
			);
			dependencies = (
			);
			name = libjson;
			productName = libjson;
			productReference = BC2BC02C136CE6B30073BC4B /* liblibjson.a */;
			productType = "com.apple.product-type.library.static";
		};
		BC2BC035136CE6B30073BC4B /* libjsonTests */ = {
			isa = PBXNativeTarget;
			buildConfigurationList = BC2BC04D136CE6B30073BC4B /* Build configuration list for PBXNativeTarget "libjsonTests" */;
			buildPhases = (
				BC2BC031136CE6B30073BC4B /* Sources */,
				BC2BC032136CE6B30073BC4B /* Frameworks */,
				BC2BC033136CE6B30073BC4B /* Resources */,
				BC2BC034136CE6B30073BC4B /* ShellScript */,
			);
			buildRules = (
			);
			dependencies = (
				BC2BC03D136CE6B30073BC4B /* PBXTargetDependency */,
			);
			name = libjsonTests;
			productName = libjsonTests;
			productReference = BC2BC036136CE6B30073BC4B /* libjsonTests.octest */;
			productType = "com.apple.product-type.bundle";
		};
		BC8778D9136CDE4400549A6D /* JSON */ = {
			isa = PBXNativeTarget;
			buildConfigurationList = BC877902136CDE4400549A6D /* Build configuration list for PBXNativeTarget "JSON" */;
			buildPhases = (
				BC8778D5136CDE4400549A6D /* Sources */,
				BC8778D6136CDE4400549A6D /* Frameworks */,
				BC8778D7136CDE4400549A6D /* Headers */,
				BC8778D8136CDE4400549A6D /* Resources */,
			);
			buildRules = (
			);
			dependencies = (
			);
			name = JSON;
			productName = JSON;
			productReference = BC8778DA136CDE4400549A6D /* JSON.framework */;
			productType = "com.apple.product-type.framework";
		};
		BC8778ED136CDE4400549A6D /* JSONTests */ = {
			isa = PBXNativeTarget;
			buildConfigurationList = BC877903136CDE4400549A6D /* Build configuration list for PBXNativeTarget "JSONTests" */;
			buildPhases = (
				BC8778E9136CDE4400549A6D /* Sources */,
				BC8778EA136CDE4400549A6D /* Frameworks */,
				BC8778EB136CDE4400549A6D /* Resources */,
				BC8778EC136CDE4400549A6D /* ShellScript */,
			);
			buildRules = (
			);
			dependencies = (
				BC8778F1136CDE4400549A6D /* PBXTargetDependency */,
			);
			name = JSONTests;
			productName = JSONTests;
			productReference = BC8778EE136CDE4400549A6D /* JSONTests.octest */;
			productType = "com.apple.product-type.bundle";
		};
/* End PBXNativeTarget section */

/* Begin PBXProject section */
		53D229730C9611FF00276605 /* Project object */ = {
			isa = PBXProject;
			buildConfigurationList = 53D229740C9611FF00276605 /* Build configuration list for PBXProject "JSON" */;
			compatibilityVersion = "Xcode 3.2";
			developmentRegion = English;
			hasScannedForEncodings = 0;
			knownRegions = (
				English,
				Japanese,
				French,
				German,
				en,
			);
			mainGroup = 53D229710C9611FF00276605;
			productRefGroup = 53D229820C96121600276605 /* Products */;
			projectDirPath = "";
			projectRoot = "";
			targets = (
				BCC047160FB651AF00F9F2D3 /* DocSet */,
				BCF6393B12F5FD3B0094F9AE /* RefreshOnlineDocs */,
				BC8778D9136CDE4400549A6D /* JSON */,
				BC8778ED136CDE4400549A6D /* JSONTests */,
				BC2BC02B136CE6B30073BC4B /* libjson */,
				BC2BC035136CE6B30073BC4B /* libjsonTests */,
			);
		};
/* End PBXProject section */

/* Begin PBXResourcesBuildPhase section */
		BC2BC033136CE6B30073BC4B /* Resources */ = {
			isa = PBXResourcesBuildPhase;
			buildActionMask = 2147483647;
			files = (
				BC2BC044136CE6B30073BC4B /* InfoPlist.strings in Resources */,
			);
			runOnlyForDeploymentPostprocessing = 0;
		};
		BC8778D8136CDE4400549A6D /* Resources */ = {
			isa = PBXResourcesBuildPhase;
			buildActionMask = 2147483647;
			files = (
				BC8778E7136CDE4400549A6D /* InfoPlist.strings in Resources */,
			);
			runOnlyForDeploymentPostprocessing = 0;
		};
		BC8778EB136CDE4400549A6D /* Resources */ = {
			isa = PBXResourcesBuildPhase;
			buildActionMask = 2147483647;
			files = (
				BC8778F8136CDE4400549A6D /* InfoPlist.strings in Resources */,
			);
			runOnlyForDeploymentPostprocessing = 0;
		};
/* End PBXResourcesBuildPhase section */

/* Begin PBXShellScriptBuildPhase section */
		BC2BC034136CE6B30073BC4B /* ShellScript */ = {
			isa = PBXShellScriptBuildPhase;
			buildActionMask = 2147483647;
			files = (
			);
			inputPaths = (
			);
			outputPaths = (
			);
			runOnlyForDeploymentPostprocessing = 0;
			shellPath = /bin/sh;
			shellScript = "# Run the unit tests in this test bundle.\n\"${SYSTEM_DEVELOPER_DIR}/Tools/RunUnitTests\"\n";
		};
		BC8778EC136CDE4400549A6D /* ShellScript */ = {
			isa = PBXShellScriptBuildPhase;
			buildActionMask = 2147483647;
			files = (
			);
			inputPaths = (
			);
			outputPaths = (
			);
			runOnlyForDeploymentPostprocessing = 0;
			shellPath = /bin/sh;
			shellScript = "# Run the unit tests in this test bundle.\n\"${SYSTEM_DEVELOPER_DIR}/Tools/RunUnitTests\"\n";
		};
		BCC047150FB651AF00F9F2D3 /* Run Script */ = {
			isa = PBXShellScriptBuildPhase;
			buildActionMask = 2147483647;
			files = (
			);
			inputPaths = (
				"$(SRCROOT)/Classes/*.h",
				"$(SRCROOT)/JSON-Info.plist",
				"$(SRCROOT)/Classes/*.m",
			);
			name = "Run Script";
			outputPaths = (
				"$(DERIVED_FILE_DIR)/doxygen.config",
			);
			runOnlyForDeploymentPostprocessing = 0;
			shellPath = /bin/sh;
			shellScript = "exec \"$SOURCE_ROOT/Scripts/InstallDocumentation.sh\"";
			showEnvVarsInLog = 0;
		};
		BCF6393A12F5FD3B0094F9AE /* ShellScript */ = {
			isa = PBXShellScriptBuildPhase;
			buildActionMask = 2147483647;
			files = (
			);
			inputPaths = (
			);
			outputPaths = (
			);
			runOnlyForDeploymentPostprocessing = 0;
			shellPath = /bin/sh;
			shellScript = "exec \"$SOURCE_ROOT/Scripts/RefreshOnlineDocs.sh\"";
		};
/* End PBXShellScriptBuildPhase section */

/* Begin PBXSourcesBuildPhase section */
		BC2BC028136CE6B30073BC4B /* Sources */ = {
			isa = PBXSourcesBuildPhase;
			buildActionMask = 2147483647;
			files = (
				BC2BC050136CE6D40073BC4B /* NSObject+JSON.m in Sources */,
				BC2BC051136CE6D40073BC4B /* SBJsonWriter.m in Sources */,
				BC2BC052136CE6D40073BC4B /* SBJsonStreamWriter.m in Sources */,
				BC2BC053136CE6D40073BC4B /* SBJsonStreamWriterState.m in Sources */,
				BC2BC054136CE6D40073BC4B /* SBJsonTokeniser.m in Sources */,
				BC2BC055136CE6D40073BC4B /* SBJsonParser.m in Sources */,
				BC2BC056136CE6D40073BC4B /* SBJsonStreamParser.m in Sources */,
				BC2BC057136CE6D40073BC4B /* SBJsonStreamParserState.m in Sources */,
				BC2BC058136CE6D40073BC4B /* SBJsonStreamParserAdapter.m in Sources */,
				BCC77C1A1376526700EFEB38 /* SBJsonStreamParserAccumulator.m in Sources */,
				BC78D18B137851BF00F5DBA3 /* SBJsonStreamWriterAccumulator.m in Sources */,
			);
			runOnlyForDeploymentPostprocessing = 0;
		};
		BC2BC031136CE6B30073BC4B /* Sources */ = {
			isa = PBXSourcesBuildPhase;
			buildActionMask = 2147483647;
			files = (
				BC2BC063136CE7450073BC4B /* StreamParserIntegrationTest.m in Sources */,
				BC2BC067136CE7450073BC4B /* ErrorTest.m in Sources */,
				BC2BC069136CE7450073BC4B /* ProxyTest.m in Sources */,
				BC2BC06A136CE7450073BC4B /* WriterTest.m in Sources */,
				BCBF785D136EBA3500D4E84B /* RoundTripTest.m in Sources */,
				BC76F930138173FC00FF7EC6 /* JsonTestCase.m in Sources */,
				BC073EB71381769E008E27F5 /* JsonCheckerTest.m in Sources */,
				BC073EBA138177CE008E27F5 /* FormatTest.m in Sources */,
			);
			runOnlyForDeploymentPostprocessing = 0;
		};
		BC8778D5136CDE4400549A6D /* Sources */ = {
			isa = PBXSourcesBuildPhase;
			buildActionMask = 2147483647;
			files = (
				BC9270CC136F7E0A002A7F26 /* NSObject+JSON.m in Sources */,
				BC877904136CDF9D00549A6D /* SBJsonWriter.m in Sources */,
				BC877905136CDF9D00549A6D /* SBJsonStreamWriter.m in Sources */,
				BC877906136CDF9D00549A6D /* SBJsonStreamWriterState.m in Sources */,
				BC877907136CDF9D00549A6D /* SBJsonTokeniser.m in Sources */,
				BC877908136CDF9D00549A6D /* SBJsonParser.m in Sources */,
				BC877909136CDF9D00549A6D /* SBJsonStreamParser.m in Sources */,
				BC87790A136CDF9D00549A6D /* SBJsonStreamParserState.m in Sources */,
				BC87790B136CDF9D00549A6D /* SBJsonStreamParserAdapter.m in Sources */,
				BCC77C191376526700EFEB38 /* SBJsonStreamParserAccumulator.m in Sources */,
				BC78D18A137851BF00F5DBA3 /* SBJsonStreamWriterAccumulator.m in Sources */,
			);
			runOnlyForDeploymentPostprocessing = 0;
		};
		BC8778E9136CDE4400549A6D /* Sources */ = {
			isa = PBXSourcesBuildPhase;
			buildActionMask = 2147483647;
			files = (
				BC024D5E136CE0EC001FD388 /* StreamParserIntegrationTest.m in Sources */,
				BC024D62136CE0EC001FD388 /* ErrorTest.m in Sources */,
				BC024D64136CE0EC001FD388 /* ProxyTest.m in Sources */,
				BC024D65136CE0EC001FD388 /* WriterTest.m in Sources */,
				BCBF785C136EBA3500D4E84B /* RoundTripTest.m in Sources */,
				BC76F92F138173FC00FF7EC6 /* JsonTestCase.m in Sources */,
				BC073EB61381769E008E27F5 /* JsonCheckerTest.m in Sources */,
				BC073EB9138177CE008E27F5 /* FormatTest.m in Sources */,
			);
			runOnlyForDeploymentPostprocessing = 0;
		};
/* End PBXSourcesBuildPhase section */

/* Begin PBXTargetDependency section */
		BC2BC03D136CE6B30073BC4B /* PBXTargetDependency */ = {
			isa = PBXTargetDependency;
			target = BC2BC02B136CE6B30073BC4B /* libjson */;
			targetProxy = BC2BC03C136CE6B30073BC4B /* PBXContainerItemProxy */;
		};
		BC8778F1136CDE4400549A6D /* PBXTargetDependency */ = {
			isa = PBXTargetDependency;
			target = BC8778D9136CDE4400549A6D /* JSON */;
			targetProxy = BC8778F0136CDE4400549A6D /* PBXContainerItemProxy */;
		};
		BCF6393F12F5FD4F0094F9AE /* PBXTargetDependency */ = {
			isa = PBXTargetDependency;
			target = BCC047160FB651AF00F9F2D3 /* DocSet */;
			targetProxy = BCF6393E12F5FD4F0094F9AE /* PBXContainerItemProxy */;
		};
/* End PBXTargetDependency section */

/* Begin PBXVariantGroup section */
		BC2BC042136CE6B30073BC4B /* InfoPlist.strings */ = {
			isa = PBXVariantGroup;
			children = (
				BC2BC043136CE6B30073BC4B /* en */,
			);
			name = InfoPlist.strings;
			sourceTree = "<group>";
		};
		BC8778E5136CDE4400549A6D /* InfoPlist.strings */ = {
			isa = PBXVariantGroup;
			children = (
				BC8778E6136CDE4400549A6D /* en */,
			);
			name = InfoPlist.strings;
			sourceTree = "<group>";
		};
		BC8778F6136CDE4400549A6D /* InfoPlist.strings */ = {
			isa = PBXVariantGroup;
			children = (
				BC8778F7136CDE4400549A6D /* en */,
			);
			name = InfoPlist.strings;
			sourceTree = "<group>";
		};
/* End PBXVariantGroup section */

/* Begin XCBuildConfiguration section */
		53D229750C9611FF00276605 /* Debug */ = {
			isa = XCBuildConfiguration;
			buildSettings = {
				COPY_PHASE_STRIP = NO;
				GCC_C_LANGUAGE_STANDARD = gnu99;
				GCC_TREAT_WARNINGS_AS_ERRORS = YES;
				GCC_WARN_SIGN_COMPARE = YES;
				ONLY_ACTIVE_ARCH = YES;
				OTHER_CFLAGS = "-Wparentheses";
			};
			name = Debug;
		};
		53D229760C9611FF00276605 /* Release */ = {
			isa = XCBuildConfiguration;
			buildSettings = {
				COPY_PHASE_STRIP = YES;
				GCC_C_LANGUAGE_STANDARD = gnu99;
				GCC_TREAT_WARNINGS_AS_ERRORS = YES;
				GCC_WARN_SIGN_COMPARE = YES;
				OTHER_CFLAGS = "-Wparentheses";
			};
			name = Release;
		};
		BC2BC04B136CE6B30073BC4B /* Debug */ = {
			isa = XCBuildConfiguration;
			buildSettings = {
				ALWAYS_SEARCH_USER_PATHS = NO;
				ARCHS = "$(ARCHS_STANDARD_32_BIT)";
				DSTROOT = /tmp/libjson.dst;
				GCC_OPTIMIZATION_LEVEL = 0;
				GCC_PRECOMPILE_PREFIX_HEADER = YES;
				GCC_PREFIX_HEADER = "libjson/libjson-Prefix.pch";
				GCC_PREPROCESSOR_DEFINITIONS = DEBUG;
				GCC_SYMBOLS_PRIVATE_EXTERN = NO;
				GCC_VERSION = com.apple.compilers.llvmgcc42;
				GCC_WARN_ABOUT_RETURN_TYPE = YES;
				GCC_WARN_UNUSED_VARIABLE = YES;
				IPHONEOS_DEPLOYMENT_TARGET = 4.3;
				OTHER_LDFLAGS = "-ObjC";
				PRODUCT_NAME = "$(TARGET_NAME)";
				SDKROOT = iphoneos;
			};
			name = Debug;
		};
		BC2BC04C136CE6B30073BC4B /* Release */ = {
			isa = XCBuildConfiguration;
			buildSettings = {
				ALWAYS_SEARCH_USER_PATHS = NO;
				ARCHS = "$(ARCHS_STANDARD_32_BIT)";
				DSTROOT = /tmp/libjson.dst;
				GCC_PRECOMPILE_PREFIX_HEADER = YES;
				GCC_PREFIX_HEADER = "libjson/libjson-Prefix.pch";
				GCC_VERSION = com.apple.compilers.llvmgcc42;
				GCC_WARN_ABOUT_RETURN_TYPE = YES;
				GCC_WARN_UNUSED_VARIABLE = YES;
				IPHONEOS_DEPLOYMENT_TARGET = 4.3;
				OTHER_LDFLAGS = "-ObjC";
				PRODUCT_NAME = "$(TARGET_NAME)";
				SDKROOT = iphoneos;
			};
			name = Release;
		};
		BC2BC04E136CE6B30073BC4B /* Debug */ = {
			isa = XCBuildConfiguration;
			buildSettings = {
				ALWAYS_SEARCH_USER_PATHS = NO;
				ARCHS = "$(ARCHS_STANDARD_32_BIT)";
				FRAMEWORK_SEARCH_PATHS = (
					"$(SDKROOT)/Developer/Library/Frameworks",
					"$(DEVELOPER_LIBRARY_DIR)/Frameworks",
				);
				GCC_OPTIMIZATION_LEVEL = 0;
				GCC_PRECOMPILE_PREFIX_HEADER = YES;
				GCC_PREFIX_HEADER = "libjsonTests/libjsonTests-Prefix.pch";
				GCC_PREPROCESSOR_DEFINITIONS = DEBUG;
				GCC_SYMBOLS_PRIVATE_EXTERN = NO;
				GCC_VERSION = com.apple.compilers.llvmgcc42;
				GCC_WARN_ABOUT_RETURN_TYPE = YES;
				GCC_WARN_UNUSED_VARIABLE = YES;
				INFOPLIST_FILE = "libjsonTests/libjsonTests-Info.plist";
				IPHONEOS_DEPLOYMENT_TARGET = 4.3;
				OTHER_LDFLAGS = (
					"-framework",
					SenTestingKit,
					"-all_load",
				);
				PRODUCT_NAME = "$(TARGET_NAME)";
				SDKROOT = iphoneos;
				WRAPPER_EXTENSION = octest;
			};
			name = Debug;
		};
		BC2BC04F136CE6B30073BC4B /* Release */ = {
			isa = XCBuildConfiguration;
			buildSettings = {
				ALWAYS_SEARCH_USER_PATHS = NO;
				ARCHS = "$(ARCHS_STANDARD_32_BIT)";
				FRAMEWORK_SEARCH_PATHS = (
					"$(SDKROOT)/Developer/Library/Frameworks",
					"$(DEVELOPER_LIBRARY_DIR)/Frameworks",
				);
				GCC_PRECOMPILE_PREFIX_HEADER = YES;
				GCC_PREFIX_HEADER = "libjsonTests/libjsonTests-Prefix.pch";
				GCC_VERSION = com.apple.compilers.llvmgcc42;
				GCC_WARN_ABOUT_RETURN_TYPE = YES;
				GCC_WARN_UNUSED_VARIABLE = YES;
				INFOPLIST_FILE = "libjsonTests/libjsonTests-Info.plist";
				IPHONEOS_DEPLOYMENT_TARGET = 4.3;
				OTHER_LDFLAGS = (
					"-framework",
					SenTestingKit,
					"-all_load",
				);
				PRODUCT_NAME = "$(TARGET_NAME)";
				SDKROOT = iphoneos;
				WRAPPER_EXTENSION = octest;
			};
			name = Release;
		};
		BC8778FE136CDE4400549A6D /* Debug */ = {
			isa = XCBuildConfiguration;
			buildSettings = {
				ALWAYS_SEARCH_USER_PATHS = NO;
				ARCHS = "$(ARCHS_STANDARD_32_64_BIT)";
				COPY_PHASE_STRIP = NO;
				DYLIB_COMPATIBILITY_VERSION = 1;
				DYLIB_CURRENT_VERSION = 1;
				FRAMEWORK_VERSION = A;
				GCC_DYNAMIC_NO_PIC = NO;
				GCC_ENABLE_OBJC_EXCEPTIONS = YES;
				GCC_OPTIMIZATION_LEVEL = 0;
				GCC_PRECOMPILE_PREFIX_HEADER = YES;
				GCC_PREFIX_HEADER = "JSON/JSON-Prefix.pch";
				GCC_PREPROCESSOR_DEFINITIONS = DEBUG;
				GCC_SYMBOLS_PRIVATE_EXTERN = NO;
				GCC_VERSION = com.apple.compilers.llvm.clang.1_0;
				GCC_WARN_64_TO_32_BIT_CONVERSION = YES;
				GCC_WARN_ABOUT_RETURN_TYPE = YES;
				GCC_WARN_UNUSED_VARIABLE = YES;
				INFOPLIST_FILE = "JSON/JSON-Info.plist";
				MACOSX_DEPLOYMENT_TARGET = 10.6;
				PRODUCT_NAME = "$(TARGET_NAME)";
				SDKROOT = macosx;
				WRAPPER_EXTENSION = framework;
			};
			name = Debug;
		};
		BC8778FF136CDE4400549A6D /* Release */ = {
			isa = XCBuildConfiguration;
			buildSettings = {
				ALWAYS_SEARCH_USER_PATHS = NO;
				ARCHS = "$(ARCHS_STANDARD_32_64_BIT)";
				COPY_PHASE_STRIP = YES;
				DEBUG_INFORMATION_FORMAT = "dwarf-with-dsym";
				DYLIB_COMPATIBILITY_VERSION = 1;
				DYLIB_CURRENT_VERSION = 1;
				FRAMEWORK_VERSION = A;
				GCC_ENABLE_OBJC_EXCEPTIONS = YES;
				GCC_PRECOMPILE_PREFIX_HEADER = YES;
				GCC_PREFIX_HEADER = "JSON/JSON-Prefix.pch";
				GCC_VERSION = com.apple.compilers.llvm.clang.1_0;
				GCC_WARN_64_TO_32_BIT_CONVERSION = YES;
				GCC_WARN_ABOUT_RETURN_TYPE = YES;
				GCC_WARN_UNUSED_VARIABLE = YES;
				INFOPLIST_FILE = "JSON/JSON-Info.plist";
				MACOSX_DEPLOYMENT_TARGET = 10.6;
				PRODUCT_NAME = "$(TARGET_NAME)";
				SDKROOT = macosx;
				WRAPPER_EXTENSION = framework;
			};
			name = Release;
		};
		BC877900136CDE4400549A6D /* Debug */ = {
			isa = XCBuildConfiguration;
			buildSettings = {
				ALWAYS_SEARCH_USER_PATHS = NO;
				ARCHS = "$(ARCHS_STANDARD_32_64_BIT)";
				COPY_PHASE_STRIP = NO;
				FRAMEWORK_SEARCH_PATHS = "$(DEVELOPER_LIBRARY_DIR)/Frameworks";
				GCC_DYNAMIC_NO_PIC = NO;
				GCC_ENABLE_OBJC_EXCEPTIONS = YES;
				GCC_OPTIMIZATION_LEVEL = 0;
				GCC_PRECOMPILE_PREFIX_HEADER = YES;
				GCC_PREFIX_HEADER = "JSONTests/JSONTests-Prefix.pch";
				GCC_PREPROCESSOR_DEFINITIONS = DEBUG;
				GCC_SYMBOLS_PRIVATE_EXTERN = NO;
				GCC_VERSION = com.apple.compilers.llvm.clang.1_0;
				GCC_WARN_64_TO_32_BIT_CONVERSION = YES;
				GCC_WARN_ABOUT_RETURN_TYPE = YES;
				GCC_WARN_UNUSED_VARIABLE = YES;
				INFOPLIST_FILE = "JSONTests/JSONTests-Info.plist";
				MACOSX_DEPLOYMENT_TARGET = 10.6;
				OTHER_LDFLAGS = (
					"-framework",
					SenTestingKit,
				);
				PRODUCT_NAME = "$(TARGET_NAME)";
				SDKROOT = macosx;
				WRAPPER_EXTENSION = octest;
			};
			name = Debug;
		};
		BC877901136CDE4400549A6D /* Release */ = {
			isa = XCBuildConfiguration;
			buildSettings = {
				ALWAYS_SEARCH_USER_PATHS = NO;
				ARCHS = "$(ARCHS_STANDARD_32_64_BIT)";
				COPY_PHASE_STRIP = YES;
				DEBUG_INFORMATION_FORMAT = "dwarf-with-dsym";
				FRAMEWORK_SEARCH_PATHS = "$(DEVELOPER_LIBRARY_DIR)/Frameworks";
				GCC_ENABLE_OBJC_EXCEPTIONS = YES;
				GCC_PRECOMPILE_PREFIX_HEADER = YES;
				GCC_PREFIX_HEADER = "JSONTests/JSONTests-Prefix.pch";
				GCC_VERSION = com.apple.compilers.llvm.clang.1_0;
				GCC_WARN_64_TO_32_BIT_CONVERSION = YES;
				GCC_WARN_ABOUT_RETURN_TYPE = YES;
				GCC_WARN_UNUSED_VARIABLE = YES;
				INFOPLIST_FILE = "JSONTests/JSONTests-Info.plist";
				MACOSX_DEPLOYMENT_TARGET = 10.6;
				OTHER_LDFLAGS = (
					"-framework",
					SenTestingKit,
				);
				PRODUCT_NAME = "$(TARGET_NAME)";
				SDKROOT = macosx;
				WRAPPER_EXTENSION = octest;
			};
			name = Release;
		};
		BCC047170FB651AF00F9F2D3 /* Debug */ = {
			isa = XCBuildConfiguration;
			buildSettings = {
				COPY_PHASE_STRIP = NO;
				GCC_DYNAMIC_NO_PIC = NO;
				PRODUCT_NAME = Documentation;
			};
			name = Debug;
		};
		BCC047180FB651AF00F9F2D3 /* Release */ = {
			isa = XCBuildConfiguration;
			buildSettings = {
				COPY_PHASE_STRIP = YES;
				DEBUG_INFORMATION_FORMAT = "dwarf-with-dsym";
				GCC_ENABLE_FIX_AND_CONTINUE = NO;
				PRODUCT_NAME = Documentation;
				ZERO_LINK = NO;
			};
			name = Release;
		};
		BCF6393C12F5FD3B0094F9AE /* Debug */ = {
			isa = XCBuildConfiguration;
			buildSettings = {
				COPY_PHASE_STRIP = NO;
				GCC_DYNAMIC_NO_PIC = NO;
				PRODUCT_NAME = "Refresh Online Docs";
			};
			name = Debug;
		};
		BCF6393D12F5FD3B0094F9AE /* Release */ = {
			isa = XCBuildConfiguration;
			buildSettings = {
				COPY_PHASE_STRIP = YES;
				DEBUG_INFORMATION_FORMAT = "dwarf-with-dsym";
				GCC_ENABLE_FIX_AND_CONTINUE = NO;
				PRODUCT_NAME = "Refresh Online Docs";
				ZERO_LINK = NO;
			};
			name = Release;
		};
/* End XCBuildConfiguration section */

/* Begin XCConfigurationList section */
		53D229740C9611FF00276605 /* Build configuration list for PBXProject "JSON" */ = {
			isa = XCConfigurationList;
			buildConfigurations = (
				53D229750C9611FF00276605 /* Debug */,
				53D229760C9611FF00276605 /* Release */,
			);
			defaultConfigurationIsVisible = 0;
			defaultConfigurationName = Release;
		};
		BC2BC04A136CE6B30073BC4B /* Build configuration list for PBXNativeTarget "libjson" */ = {
			isa = XCConfigurationList;
			buildConfigurations = (
				BC2BC04B136CE6B30073BC4B /* Debug */,
				BC2BC04C136CE6B30073BC4B /* Release */,
			);
			defaultConfigurationIsVisible = 0;
			defaultConfigurationName = Release;
		};
		BC2BC04D136CE6B30073BC4B /* Build configuration list for PBXNativeTarget "libjsonTests" */ = {
			isa = XCConfigurationList;
			buildConfigurations = (
				BC2BC04E136CE6B30073BC4B /* Debug */,
				BC2BC04F136CE6B30073BC4B /* Release */,
			);
			defaultConfigurationIsVisible = 0;
			defaultConfigurationName = Release;
		};
		BC877902136CDE4400549A6D /* Build configuration list for PBXNativeTarget "JSON" */ = {
			isa = XCConfigurationList;
			buildConfigurations = (
				BC8778FE136CDE4400549A6D /* Debug */,
				BC8778FF136CDE4400549A6D /* Release */,
			);
			defaultConfigurationIsVisible = 0;
			defaultConfigurationName = Release;
		};
		BC877903136CDE4400549A6D /* Build configuration list for PBXNativeTarget "JSONTests" */ = {
			isa = XCConfigurationList;
			buildConfigurations = (
				BC877900136CDE4400549A6D /* Debug */,
				BC877901136CDE4400549A6D /* Release */,
			);
			defaultConfigurationIsVisible = 0;
			defaultConfigurationName = Release;
		};
		BCC047190FB651CD00F9F2D3 /* Build configuration list for PBXAggregateTarget "DocSet" */ = {
			isa = XCConfigurationList;
			buildConfigurations = (
				BCC047170FB651AF00F9F2D3 /* Debug */,
				BCC047180FB651AF00F9F2D3 /* Release */,
			);
			defaultConfigurationIsVisible = 0;
			defaultConfigurationName = Release;
		};
		BCF6394012F5FD6E0094F9AE /* Build configuration list for PBXAggregateTarget "RefreshOnlineDocs" */ = {
			isa = XCConfigurationList;
			buildConfigurations = (
				BCF6393C12F5FD3B0094F9AE /* Debug */,
				BCF6393D12F5FD3B0094F9AE /* Release */,
			);
			defaultConfigurationIsVisible = 0;
			defaultConfigurationName = Release;
		};
/* End XCConfigurationList section */
	};
	rootObject = 53D229730C9611FF00276605 /* Project object */;
}
