// !$*UTF8*$!
{
	archiveVersion = 1;
	classes = {
	};
	objectVersion = 42;
	objects = {

/* Begin PBXBuildFile section */
		53D2299C0C96129800276605 /* JSON.h in Headers */ = {isa = PBXBuildFile; fileRef = 53D2299A0C96129800276605 /* JSON.h */; settings = {ATTRIBUTES = (Public, ); }; };
		53D2299D0C96129800276605 /* JSON.m in Sources */ = {isa = PBXBuildFile; fileRef = 53D2299B0C96129800276605 /* JSON.m */; };
		53D229A20C9612E000276605 /* Types.m in Sources */ = {isa = PBXBuildFile; fileRef = 53D229A10C9612E000276605 /* Types.m */; };
		53D229AD0C961B9900276605 /* JSON.framework in Frameworks */ = {isa = PBXBuildFile; fileRef = 53D229810C96121600276605 /* JSON.framework */; };
/* End PBXBuildFile section */

/* Begin PBXContainerItemProxy section */
		53D229920C96122E00276605 /* PBXContainerItemProxy */ = {
			isa = PBXContainerItemProxy;
			containerPortal = 53D229730C9611FF00276605 /* Project object */;
			proxyType = 1;
			remoteGlobalIDString = 53D229800C96121600276605 /* JSON */;
			remoteInfo = JSON;
		};
/* End PBXContainerItemProxy section */

/* Begin PBXFileReference section */
		53D229810C96121600276605 /* JSON.framework */ = {isa = PBXFileReference; explicitFileType = wrapper.framework; includeInIndex = 0; path = JSON.framework; sourceTree = BUILT_PRODUCTS_DIR; };
		53D229830C96121600276605 /* JSON-Info.plist */ = {isa = PBXFileReference; lastKnownFileType = text.xml; path = "JSON-Info.plist"; sourceTree = "<group>"; };
		53D2298D0C96122A00276605 /* Tests.octest */ = {isa = PBXFileReference; explicitFileType = wrapper.cfbundle; includeInIndex = 0; path = Tests.octest; sourceTree = BUILT_PRODUCTS_DIR; };
		53D2298E0C96122A00276605 /* Tests-Info.plist */ = {isa = PBXFileReference; lastKnownFileType = text.xml; path = "Tests-Info.plist"; sourceTree = "<group>"; };
		53D2299A0C96129800276605 /* JSON.h */ = {isa = PBXFileReference; fileEncoding = 4; lastKnownFileType = sourcecode.c.h; path = JSON.h; sourceTree = "<group>"; };
		53D2299B0C96129800276605 /* JSON.m */ = {isa = PBXFileReference; fileEncoding = 4; lastKnownFileType = sourcecode.c.objc; path = JSON.m; sourceTree = "<group>"; };
		53D229A00C9612E000276605 /* Types.h */ = {isa = PBXFileReference; fileEncoding = 4; lastKnownFileType = sourcecode.c.h; path = Types.h; sourceTree = "<group>"; };
		53D229A10C9612E000276605 /* Types.m */ = {isa = PBXFileReference; fileEncoding = 4; lastKnownFileType = sourcecode.c.objc; path = Types.m; sourceTree = "<group>"; };
/* End PBXFileReference section */

/* Begin PBXFrameworksBuildPhase section */
		53D2297F0C96121600276605 /* Frameworks */ = {
			isa = PBXFrameworksBuildPhase;
			buildActionMask = 2147483647;
			files = (
			);
			runOnlyForDeploymentPostprocessing = 0;
		};
		53D2298A0C96122A00276605 /* Frameworks */ = {
			isa = PBXFrameworksBuildPhase;
			buildActionMask = 2147483647;
			files = (
				53D229AD0C961B9900276605 /* JSON.framework in Frameworks */,
			);
			runOnlyForDeploymentPostprocessing = 0;
		};
/* End PBXFrameworksBuildPhase section */

/* Begin PBXGroup section */
		53D229710C9611FF00276605 = {
			isa = PBXGroup;
			children = (
				53D229950C96123C00276605 /* Classes */,
				53D229960C96124500276605 /* Tests */,
				53D229820C96121600276605 /* Products */,
				53D229830C96121600276605 /* JSON-Info.plist */,
				53D2298E0C96122A00276605 /* Tests-Info.plist */,
			);
			sourceTree = "<group>";
		};
		53D229820C96121600276605 /* Products */ = {
			isa = PBXGroup;
			children = (
				53D229810C96121600276605 /* JSON.framework */,
				53D2298D0C96122A00276605 /* Tests.octest */,
			);
			name = Products;
			sourceTree = "<group>";
		};
		53D229950C96123C00276605 /* Classes */ = {
			isa = PBXGroup;
			children = (
				53D2299A0C96129800276605 /* JSON.h */,
				53D2299B0C96129800276605 /* JSON.m */,
			);
			name = Classes;
			sourceTree = "<group>";
		};
		53D229960C96124500276605 /* Tests */ = {
			isa = PBXGroup;
			children = (
				53D229A00C9612E000276605 /* Types.h */,
				53D229A10C9612E000276605 /* Types.m */,
			);
			path = Tests;
			sourceTree = "<group>";
		};
/* End PBXGroup section */

/* Begin PBXHeadersBuildPhase section */
		53D2297C0C96121600276605 /* Headers */ = {
			isa = PBXHeadersBuildPhase;
			buildActionMask = 2147483647;
			files = (
				53D2299C0C96129800276605 /* JSON.h in Headers */,
			);
			runOnlyForDeploymentPostprocessing = 0;
		};
/* End PBXHeadersBuildPhase section */

/* Begin PBXNativeTarget section */
		53D229800C96121600276605 /* JSON */ = {
			isa = PBXNativeTarget;
			buildConfigurationList = 53D229850C96121700276605 /* Build configuration list for PBXNativeTarget "JSON" */;
			buildPhases = (
				53D2297C0C96121600276605 /* Headers */,
				53D2297D0C96121600276605 /* Resources */,
				53D2297E0C96121600276605 /* Sources */,
				53D2297F0C96121600276605 /* Frameworks */,
			);
			buildRules = (
			);
			dependencies = (
			);
			name = JSON;
			productName = JSON;
			productReference = 53D229810C96121600276605 /* JSON.framework */;
			productType = "com.apple.product-type.framework";
		};
		53D2298C0C96122A00276605 /* Tests */ = {
			isa = PBXNativeTarget;
			buildConfigurationList = 53D2298F0C96122A00276605 /* Build configuration list for PBXNativeTarget "Tests" */;
			buildPhases = (
				53D229880C96122A00276605 /* Resources */,
				53D229890C96122A00276605 /* Sources */,
				53D2298A0C96122A00276605 /* Frameworks */,
				53D2298B0C96122A00276605 /* ShellScript */,
			);
			buildRules = (
			);
			dependencies = (
				53D229930C96122E00276605 /* PBXTargetDependency */,
			);
			name = Tests;
			productName = Tests;
			productReference = 53D2298D0C96122A00276605 /* Tests.octest */;
			productType = "com.apple.product-type.bundle";
		};
/* End PBXNativeTarget section */

/* Begin PBXProject section */
		53D229730C9611FF00276605 /* Project object */ = {
			isa = PBXProject;
			buildConfigurationList = 53D229740C9611FF00276605 /* Build configuration list for PBXProject "JSON" */;
			hasScannedForEncodings = 0;
			mainGroup = 53D229710C9611FF00276605;
			productRefGroup = 53D229820C96121600276605 /* Products */;
			projectDirPath = "";
			targets = (
				53D229800C96121600276605 /* JSON */,
				53D2298C0C96122A00276605 /* Tests */,
			);
		};
/* End PBXProject section */

/* Begin PBXResourcesBuildPhase section */
		53D2297D0C96121600276605 /* Resources */ = {
			isa = PBXResourcesBuildPhase;
			buildActionMask = 2147483647;
			files = (
			);
			runOnlyForDeploymentPostprocessing = 0;
		};
		53D229880C96122A00276605 /* Resources */ = {
			isa = PBXResourcesBuildPhase;
			buildActionMask = 2147483647;
			files = (
			);
			runOnlyForDeploymentPostprocessing = 0;
		};
/* End PBXResourcesBuildPhase section */

/* Begin PBXShellScriptBuildPhase section */
		53D2298B0C96122A00276605 /* ShellScript */ = {
			isa = PBXShellScriptBuildPhase;
			buildActionMask = 2147483647;
			files = (
			);
			inputPaths = (
			);
			outputPaths = (
			);
			runOnlyForDeploymentPostprocessing = 0;
			shellPath = /bin/sh;
			shellScript = "# Run the unit tests in this test bundle.\n\"${SYSTEM_DEVELOPER_DIR}/Tools/RunUnitTests\"\n";
		};
/* End PBXShellScriptBuildPhase section */

/* Begin PBXSourcesBuildPhase section */
		53D2297E0C96121600276605 /* Sources */ = {
			isa = PBXSourcesBuildPhase;
			buildActionMask = 2147483647;
			files = (
				53D2299D0C96129800276605 /* JSON.m in Sources */,
			);
			runOnlyForDeploymentPostprocessing = 0;
		};
		53D229890C96122A00276605 /* Sources */ = {
			isa = PBXSourcesBuildPhase;
			buildActionMask = 2147483647;
			files = (
				53D229A20C9612E000276605 /* Types.m in Sources */,
			);
			runOnlyForDeploymentPostprocessing = 0;
		};
/* End PBXSourcesBuildPhase section */

/* Begin PBXTargetDependency section */
		53D229930C96122E00276605 /* PBXTargetDependency */ = {
			isa = PBXTargetDependency;
			target = 53D229800C96121600276605 /* JSON */;
			targetProxy = 53D229920C96122E00276605 /* PBXContainerItemProxy */;
		};
/* End PBXTargetDependency section */

/* Begin XCBuildConfiguration section */
		53D229750C9611FF00276605 /* Debug */ = {
			isa = XCBuildConfiguration;
			buildSettings = {
				COPY_PHASE_STRIP = NO;
			};
			name = Debug;
		};
		53D229760C9611FF00276605 /* Release */ = {
			isa = XCBuildConfiguration;
			buildSettings = {
				COPY_PHASE_STRIP = YES;
			};
			name = Release;
		};
		53D229860C96121700276605 /* Debug */ = {
			isa = XCBuildConfiguration;
			buildSettings = {
				COPY_PHASE_STRIP = NO;
				DYLIB_COMPATIBILITY_VERSION = 1;
				DYLIB_CURRENT_VERSION = 1;
				FRAMEWORK_VERSION = A;
				GCC_DYNAMIC_NO_PIC = NO;
				GCC_ENABLE_FIX_AND_CONTINUE = YES;
				GCC_GENERATE_DEBUGGING_SYMBOLS = YES;
				GCC_MODEL_TUNING = G5;
				GCC_OPTIMIZATION_LEVEL = 0;
				GCC_PRECOMPILE_PREFIX_HEADER = YES;
				GCC_PREFIX_HEADER = "$(SYSTEM_LIBRARY_DIR)/Frameworks/AppKit.framework/Headers/AppKit.h";
				INFOPLIST_FILE = "JSON-Info.plist";
				INSTALL_PATH = "$(HOME)/Library/Frameworks";
				OTHER_LDFLAGS = (
					"-framework",
					Foundation,
					"-framework",
					AppKit,
				);
				PREBINDING = NO;
				PRODUCT_NAME = JSON;
				ZERO_LINK = YES;
			};
			name = Debug;
		};
		53D229870C96121700276605 /* Release */ = {
			isa = XCBuildConfiguration;
			buildSettings = {
				COPY_PHASE_STRIP = YES;
				DYLIB_COMPATIBILITY_VERSION = 1;
				DYLIB_CURRENT_VERSION = 1;
				FRAMEWORK_VERSION = A;
				GCC_ENABLE_FIX_AND_CONTINUE = NO;
				GCC_GENERATE_DEBUGGING_SYMBOLS = NO;
				GCC_MODEL_TUNING = G5;
				GCC_PRECOMPILE_PREFIX_HEADER = YES;
				GCC_PREFIX_HEADER = "$(SYSTEM_LIBRARY_DIR)/Frameworks/AppKit.framework/Headers/AppKit.h";
				INFOPLIST_FILE = "JSON-Info.plist";
				INSTALL_PATH = "$(HOME)/Library/Frameworks";
				OTHER_LDFLAGS = (
					"-framework",
					Foundation,
					"-framework",
					AppKit,
				);
				PREBINDING = NO;
				PRODUCT_NAME = JSON;
				ZERO_LINK = NO;
			};
			name = Release;
		};
		53D229900C96122A00276605 /* Debug */ = {
			isa = XCBuildConfiguration;
			buildSettings = {
				COPY_PHASE_STRIP = NO;
				GCC_DYNAMIC_NO_PIC = NO;
				GCC_ENABLE_FIX_AND_CONTINUE = NO;
				GCC_ENABLE_OBJC_EXCEPTIONS = YES;
				GCC_GENERATE_DEBUGGING_SYMBOLS = YES;
				GCC_MODEL_TUNING = G5;
				GCC_OPTIMIZATION_LEVEL = 0;
				GCC_PRECOMPILE_PREFIX_HEADER = YES;
				GCC_PREFIX_HEADER = "$(SYSTEM_LIBRARY_DIR)/Frameworks/Cocoa.framework/Headers/Cocoa.h";
				INFOPLIST_FILE = "Tests-Info.plist";
				INSTALL_PATH = "$(USER_LIBRARY_DIR)/Bundles";
				OTHER_LDFLAGS = (
					"-framework",
					Cocoa,
					"-framework",
					SenTestingKit,
				);
				PREBINDING = NO;
				PRODUCT_NAME = Tests;
				WRAPPER_EXTENSION = octest;
				ZERO_LINK = NO;
			};
			name = Debug;
		};
		53D229910C96122A00276605 /* Release */ = {
			isa = XCBuildConfiguration;
			buildSettings = {
				COPY_PHASE_STRIP = YES;
				GCC_ENABLE_FIX_AND_CONTINUE = NO;
				GCC_ENABLE_OBJC_EXCEPTIONS = YES;
				GCC_GENERATE_DEBUGGING_SYMBOLS = NO;
				GCC_MODEL_TUNING = G5;
				GCC_PRECOMPILE_PREFIX_HEADER = YES;
				GCC_PREFIX_HEADER = "$(SYSTEM_LIBRARY_DIR)/Frameworks/Cocoa.framework/Headers/Cocoa.h";
				INFOPLIST_FILE = "Tests-Info.plist";
				INSTALL_PATH = "$(USER_LIBRARY_DIR)/Bundles";
				OTHER_LDFLAGS = (
					"-framework",
					Cocoa,
					"-framework",
					SenTestingKit,
				);
				PREBINDING = NO;
				PRODUCT_NAME = Tests;
				WRAPPER_EXTENSION = octest;
				ZERO_LINK = NO;
			};
			name = Release;
		};
/* End XCBuildConfiguration section */

/* Begin XCConfigurationList section */
		53D229740C9611FF00276605 /* Build configuration list for PBXProject "JSON" */ = {
			isa = XCConfigurationList;
			buildConfigurations = (
				53D229750C9611FF00276605 /* Debug */,
				53D229760C9611FF00276605 /* Release */,
			);
			defaultConfigurationIsVisible = 0;
			defaultConfigurationName = Release;
		};
		53D229850C96121700276605 /* Build configuration list for PBXNativeTarget "JSON" */ = {
			isa = XCConfigurationList;
			buildConfigurations = (
				53D229860C96121700276605 /* Debug */,
				53D229870C96121700276605 /* Release */,
			);
			defaultConfigurationIsVisible = 0;
			defaultConfigurationName = Release;
		};
		53D2298F0C96122A00276605 /* Build configuration list for PBXNativeTarget "Tests" */ = {
			isa = XCConfigurationList;
			buildConfigurations = (
				53D229900C96122A00276605 /* Debug */,
				53D229910C96122A00276605 /* Release */,
			);
			defaultConfigurationIsVisible = 0;
			defaultConfigurationName = Release;
		};
/* End XCConfigurationList section */
	};
	rootObject = 53D229730C9611FF00276605 /* Project object */;
}
