// !$*UTF8*$!
{
	archiveVersion = 1;
	classes = {
	};
	objectVersion = 46;
	objects = {

/* Begin PBXBuildFile section */
		530182EE1DC51754009B6892 /* TestData in Resources */ = {isa = PBXBuildFile; fileRef = 530182EC1DC51749009B6892 /* TestData */; };
		530182EF1DC51755009B6892 /* TestData in Resources */ = {isa = PBXBuildFile; fileRef = 530182EC1DC51749009B6892 /* TestData */; };
		535CFBE01DD78276004D67E0 /* main.m in Sources */ = {isa = PBXBuildFile; fileRef = 535CFBDF1DD78276004D67E0 /* main.m */; };
		535CFBE91DD79A08004D67E0 /* SBJson5Parser.m in Sources */ = {isa = PBXBuildFile; fileRef = 538ED8A71DC40B4D00F14B4F /* SBJson5Parser.m */; };
		535CFBEB1DD79A08004D67E0 /* SBJson5StreamParser.m in Sources */ = {isa = PBXBuildFile; fileRef = 538ED8A91DC40B4D00F14B4F /* SBJson5StreamParser.m */; };
		535CFBED1DD79A08004D67E0 /* SBJson5StreamParserState.m in Sources */ = {isa = PBXBuildFile; fileRef = 538ED8AB1DC40B4D00F14B4F /* SBJson5StreamParserState.m */; };
		535CFBEF1DD79A08004D67E0 /* SBJson5StreamTokeniser.m in Sources */ = {isa = PBXBuildFile; fileRef = 538ED8AD1DC40B4D00F14B4F /* SBJson5StreamTokeniser.m */; };
		535CFBF11DD79A08004D67E0 /* SBJson5StreamWriter.m in Sources */ = {isa = PBXBuildFile; fileRef = 538ED8AF1DC40B4D00F14B4F /* SBJson5StreamWriter.m */; };
		535CFBF31DD79A08004D67E0 /* SBJson5StreamWriterState.m in Sources */ = {isa = PBXBuildFile; fileRef = 538ED8B11DC40B4D00F14B4F /* SBJson5StreamWriterState.m */; };
		535CFBF51DD79A08004D67E0 /* SBJson5Writer.m in Sources */ = {isa = PBXBuildFile; fileRef = 538ED8B31DC40B4D00F14B4F /* SBJson5Writer.m */; };
		538ED84C1DC408C100F14B4F /* SBJson5_iOS.framework in Frameworks */ = {isa = PBXBuildFile; fileRef = 538ED8421DC408C100F14B4F /* SBJson5_iOS.framework */; };
		538ED8681DC408EB00F14B4F /* SBJson5_macOS.framework in Frameworks */ = {isa = PBXBuildFile; fileRef = 538ED85F1DC408EB00F14B4F /* SBJson5_macOS.framework */; };
		538ED8B51DC40B4D00F14B4F /* SBJson5Parser.h in Headers */ = {isa = PBXBuildFile; fileRef = 538ED8A61DC40B4D00F14B4F /* SBJson5Parser.h */; settings = {ATTRIBUTES = (Public, ); }; };
		538ED8B71DC40B4D00F14B4F /* SBJson5StreamParser.h in Headers */ = {isa = PBXBuildFile; fileRef = 538ED8A81DC40B4D00F14B4F /* SBJson5StreamParser.h */; settings = {ATTRIBUTES = (Public, ); }; };
		538ED8B91DC40B4D00F14B4F /* SBJson5StreamParserState.h in Headers */ = {isa = PBXBuildFile; fileRef = 538ED8AA1DC40B4D00F14B4F /* SBJson5StreamParserState.h */; settings = {ATTRIBUTES = (Public, ); }; };
		538ED8BB1DC40B4D00F14B4F /* SBJson5StreamTokeniser.h in Headers */ = {isa = PBXBuildFile; fileRef = 538ED8AC1DC40B4D00F14B4F /* SBJson5StreamTokeniser.h */; settings = {ATTRIBUTES = (Public, ); }; };
		538ED8BD1DC40B4D00F14B4F /* SBJson5StreamWriter.h in Headers */ = {isa = PBXBuildFile; fileRef = 538ED8AE1DC40B4D00F14B4F /* SBJson5StreamWriter.h */; settings = {ATTRIBUTES = (Public, ); }; };
		538ED8BF1DC40B4D00F14B4F /* SBJson5StreamWriterState.h in Headers */ = {isa = PBXBuildFile; fileRef = 538ED8B01DC40B4D00F14B4F /* SBJson5StreamWriterState.h */; settings = {ATTRIBUTES = (Public, ); }; };
		538ED8C11DC40B4D00F14B4F /* SBJson5Writer.h in Headers */ = {isa = PBXBuildFile; fileRef = 538ED8B21DC40B4D00F14B4F /* SBJson5Writer.h */; settings = {ATTRIBUTES = (Public, ); }; };
		538ED8C31DC40B4D00F14B4F /* SBJson5.h in Headers */ = {isa = PBXBuildFile; fileRef = 538ED8B41DC40B4D00F14B4F /* SBJson5.h */; settings = {ATTRIBUTES = (Public, ); }; };
		538ED8F61DC40CF800F14B4F /* SBJson5Parser.m in Sources */ = {isa = PBXBuildFile; fileRef = 538ED8A71DC40B4D00F14B4F /* SBJson5Parser.m */; };
		538ED8F81DC40CF800F14B4F /* SBJson5StreamParser.m in Sources */ = {isa = PBXBuildFile; fileRef = 538ED8A91DC40B4D00F14B4F /* SBJson5StreamParser.m */; };
		538ED8FA1DC40CF800F14B4F /* SBJson5StreamParserState.m in Sources */ = {isa = PBXBuildFile; fileRef = 538ED8AB1DC40B4D00F14B4F /* SBJson5StreamParserState.m */; };
		538ED8FC1DC40CF800F14B4F /* SBJson5StreamTokeniser.m in Sources */ = {isa = PBXBuildFile; fileRef = 538ED8AD1DC40B4D00F14B4F /* SBJson5StreamTokeniser.m */; };
		538ED8FE1DC40CF800F14B4F /* SBJson5StreamWriter.m in Sources */ = {isa = PBXBuildFile; fileRef = 538ED8AF1DC40B4D00F14B4F /* SBJson5StreamWriter.m */; };
		538ED9001DC40CF800F14B4F /* SBJson5StreamWriterState.m in Sources */ = {isa = PBXBuildFile; fileRef = 538ED8B11DC40B4D00F14B4F /* SBJson5StreamWriterState.m */; };
		538ED9021DC40CF800F14B4F /* SBJson5Writer.m in Sources */ = {isa = PBXBuildFile; fileRef = 538ED8B31DC40B4D00F14B4F /* SBJson5Writer.m */; };
		538ED9041DC40D0C00F14B4F /* ErrorTest.m in Sources */ = {isa = PBXBuildFile; fileRef = 538ED8E81DC40CD900F14B4F /* ErrorTest.m */; };
		538ED9051DC40D0C00F14B4F /* JsonCheckerSuite.m in Sources */ = {isa = PBXBuildFile; fileRef = 538ED8E91DC40CD900F14B4F /* JsonCheckerSuite.m */; };
		538ED9061DC40D0C00F14B4F /* JsonStreamTokeniserTest.m in Sources */ = {isa = PBXBuildFile; fileRef = 538ED8EA1DC40CD900F14B4F /* JsonStreamTokeniserTest.m */; };
		538ED9071DC40D0C00F14B4F /* MainSuite.m in Sources */ = {isa = PBXBuildFile; fileRef = 538ED8EB1DC40CD900F14B4F /* MainSuite.m */; };
		538ED9081DC40D0C00F14B4F /* ProxyTest.m in Sources */ = {isa = PBXBuildFile; fileRef = 538ED8EC1DC40CD900F14B4F /* ProxyTest.m */; };
		538ED9091DC40D0C00F14B4F /* StreamSuite.m in Sources */ = {isa = PBXBuildFile; fileRef = 538ED8ED1DC40CD900F14B4F /* StreamSuite.m */; };
		538ED90A1DC40DE300F14B4F /* ErrorTest.m in Sources */ = {isa = PBXBuildFile; fileRef = 538ED8E81DC40CD900F14B4F /* ErrorTest.m */; };
		538ED90B1DC40DE300F14B4F /* JsonCheckerSuite.m in Sources */ = {isa = PBXBuildFile; fileRef = 538ED8E91DC40CD900F14B4F /* JsonCheckerSuite.m */; };
		538ED90C1DC40DE300F14B4F /* JsonStreamTokeniserTest.m in Sources */ = {isa = PBXBuildFile; fileRef = 538ED8EA1DC40CD900F14B4F /* JsonStreamTokeniserTest.m */; };
		538ED90D1DC40DE300F14B4F /* MainSuite.m in Sources */ = {isa = PBXBuildFile; fileRef = 538ED8EB1DC40CD900F14B4F /* MainSuite.m */; };
		538ED90E1DC40DE300F14B4F /* ProxyTest.m in Sources */ = {isa = PBXBuildFile; fileRef = 538ED8EC1DC40CD900F14B4F /* ProxyTest.m */; };
		538ED90F1DC40DE300F14B4F /* StreamSuite.m in Sources */ = {isa = PBXBuildFile; fileRef = 538ED8ED1DC40CD900F14B4F /* StreamSuite.m */; };
		538ED9101DC40E0200F14B4F /* SBJson5Parser.m in Sources */ = {isa = PBXBuildFile; fileRef = 538ED8A71DC40B4D00F14B4F /* SBJson5Parser.m */; };
		538ED9111DC40E0200F14B4F /* SBJson5StreamParser.m in Sources */ = {isa = PBXBuildFile; fileRef = 538ED8A91DC40B4D00F14B4F /* SBJson5StreamParser.m */; };
		538ED9121DC40E0200F14B4F /* SBJson5StreamParserState.m in Sources */ = {isa = PBXBuildFile; fileRef = 538ED8AB1DC40B4D00F14B4F /* SBJson5StreamParserState.m */; };
		538ED9131DC40E0200F14B4F /* SBJson5StreamTokeniser.m in Sources */ = {isa = PBXBuildFile; fileRef = 538ED8AD1DC40B4D00F14B4F /* SBJson5StreamTokeniser.m */; };
		538ED9141DC40E0200F14B4F /* SBJson5StreamWriter.m in Sources */ = {isa = PBXBuildFile; fileRef = 538ED8AF1DC40B4D00F14B4F /* SBJson5StreamWriter.m */; };
		538ED9151DC40E0200F14B4F /* SBJson5StreamWriterState.m in Sources */ = {isa = PBXBuildFile; fileRef = 538ED8B11DC40B4D00F14B4F /* SBJson5StreamWriterState.m */; };
		538ED9161DC40E0200F14B4F /* SBJson5Writer.m in Sources */ = {isa = PBXBuildFile; fileRef = 538ED8B31DC40B4D00F14B4F /* SBJson5Writer.m */; };
		538ED9171DC40E2300F14B4F /* SBJson5Parser.h in Headers */ = {isa = PBXBuildFile; fileRef = 538ED8A61DC40B4D00F14B4F /* SBJson5Parser.h */; settings = {ATTRIBUTES = (Public, ); }; };
		538ED9181DC40E2300F14B4F /* SBJson5StreamParser.h in Headers */ = {isa = PBXBuildFile; fileRef = 538ED8A81DC40B4D00F14B4F /* SBJson5StreamParser.h */; settings = {ATTRIBUTES = (Public, ); }; };
		538ED9191DC40E2300F14B4F /* SBJson5StreamParserState.h in Headers */ = {isa = PBXBuildFile; fileRef = 538ED8AA1DC40B4D00F14B4F /* SBJson5StreamParserState.h */; settings = {ATTRIBUTES = (Public, ); }; };
		538ED91A1DC40E2300F14B4F /* SBJson5StreamTokeniser.h in Headers */ = {isa = PBXBuildFile; fileRef = 538ED8AC1DC40B4D00F14B4F /* SBJson5StreamTokeniser.h */; settings = {ATTRIBUTES = (Public, ); }; };
		538ED91B1DC40E2300F14B4F /* SBJson5StreamWriter.h in Headers */ = {isa = PBXBuildFile; fileRef = 538ED8AE1DC40B4D00F14B4F /* SBJson5StreamWriter.h */; settings = {ATTRIBUTES = (Public, ); }; };
		538ED91C1DC40E2300F14B4F /* SBJson5StreamWriterState.h in Headers */ = {isa = PBXBuildFile; fileRef = 538ED8B01DC40B4D00F14B4F /* SBJson5StreamWriterState.h */; settings = {ATTRIBUTES = (Public, ); }; };
		538ED91D1DC40E2300F14B4F /* SBJson5Writer.h in Headers */ = {isa = PBXBuildFile; fileRef = 538ED8B21DC40B4D00F14B4F /* SBJson5Writer.h */; settings = {ATTRIBUTES = (Public, ); }; };
		538ED91E1DC40E2300F14B4F /* SBJson5.h in Headers */ = {isa = PBXBuildFile; fileRef = 538ED8B41DC40B4D00F14B4F /* SBJson5.h */; settings = {ATTRIBUTES = (Public, ); }; };
		538ED9231DC40F8B00F14B4F /* XCTest.framework in Frameworks */ = {isa = PBXBuildFile; fileRef = 538ED9221DC40F8B00F14B4F /* XCTest.framework */; };
		538ED9251DC40FB300F14B4F /* XCTest.framework in Frameworks */ = {isa = PBXBuildFile; fileRef = 538ED9241DC40FB300F14B4F /* XCTest.framework */; };
/* End PBXBuildFile section */

/* Begin PBXContainerItemProxy section */
		538ED84D1DC408C100F14B4F /* PBXContainerItemProxy */ = {
			isa = PBXContainerItemProxy;
			containerPortal = 538ED8371DC4088400F14B4F /* Project object */;
			proxyType = 1;
			remoteGlobalIDString = 538ED8411DC408C100F14B4F;
			remoteInfo = SBJson5_iOS;
		};
		538ED8691DC408EB00F14B4F /* PBXContainerItemProxy */ = {
			isa = PBXContainerItemProxy;
			containerPortal = 538ED8371DC4088400F14B4F /* Project object */;
			proxyType = 1;
			remoteGlobalIDString = 538ED85E1DC408EB00F14B4F;
			remoteInfo = SBJson5_macOS;
		};
/* End PBXContainerItemProxy section */

/* Begin PBXCopyFilesBuildPhase section */
		535CFBDB1DD78276004D67E0 /* CopyFiles */ = {
			isa = PBXCopyFilesBuildPhase;
			buildActionMask = 2147483647;
			dstPath = /usr/share/man/man1/;
			dstSubfolderSpec = 0;
			files = (
			);
			runOnlyForDeploymentPostprocessing = 1;
		};
/* End PBXCopyFilesBuildPhase section */

/* Begin PBXFileReference section */
		530182EC1DC51749009B6892 /* TestData */ = {isa = PBXFileReference; lastKnownFileType = folder; path = TestData; sourceTree = "<group>"; };
		535CFBDD1DD78276004D67E0 /* sbjson */ = {isa = PBXFileReference; explicitFileType = "compiled.mach-o.executable"; includeInIndex = 0; path = sbjson; sourceTree = BUILT_PRODUCTS_DIR; };
		535CFBDF1DD78276004D67E0 /* main.m */ = {isa = PBXFileReference; lastKnownFileType = sourcecode.c.objc; path = main.m; sourceTree = "<group>"; };
		538ED8421DC408C100F14B4F /* SBJson5_iOS.framework */ = {isa = PBXFileReference; explicitFileType = wrapper.framework; includeInIndex = 0; path = SBJson5_iOS.framework; sourceTree = BUILT_PRODUCTS_DIR; };
		538ED8461DC408C100F14B4F /* Info.plist */ = {isa = PBXFileReference; lastKnownFileType = text.plist.xml; path = Info.plist; sourceTree = "<group>"; };
		538ED84B1DC408C100F14B4F /* SBJson5_iOSTests.xctest */ = {isa = PBXFileReference; explicitFileType = wrapper.cfbundle; includeInIndex = 0; path = SBJson5_iOSTests.xctest; sourceTree = BUILT_PRODUCTS_DIR; };
		538ED8521DC408C100F14B4F /* Info.plist */ = {isa = PBXFileReference; lastKnownFileType = text.plist.xml; path = Info.plist; sourceTree = "<group>"; };
		538ED85F1DC408EB00F14B4F /* SBJson5_macOS.framework */ = {isa = PBXFileReference; explicitFileType = wrapper.framework; includeInIndex = 0; path = SBJson5_macOS.framework; sourceTree = BUILT_PRODUCTS_DIR; };
		538ED8621DC408EB00F14B4F /* Info.plist */ = {isa = PBXFileReference; lastKnownFileType = text.plist.xml; path = Info.plist; sourceTree = "<group>"; };
		538ED8671DC408EB00F14B4F /* SBJson5_macOSTests.xctest */ = {isa = PBXFileReference; explicitFileType = wrapper.cfbundle; includeInIndex = 0; path = SBJson5_macOSTests.xctest; sourceTree = BUILT_PRODUCTS_DIR; };
		538ED86E1DC408EB00F14B4F /* Info.plist */ = {isa = PBXFileReference; lastKnownFileType = text.plist.xml; path = Info.plist; sourceTree = "<group>"; };
		538ED8961DC409B800F14B4F /* NEWS.md */ = {isa = PBXFileReference; fileEncoding = 4; lastKnownFileType = net.daringfireball.markdown; path = NEWS.md; sourceTree = "<group>"; };
		538ED8971DC409B800F14B4F /* README.md */ = {isa = PBXFileReference; fileEncoding = 4; lastKnownFileType = net.daringfireball.markdown; path = README.md; sourceTree = "<group>"; };
		538ED8981DC409B800F14B4F /* CREDITS.md */ = {isa = PBXFileReference; fileEncoding = 4; lastKnownFileType = net.daringfireball.markdown; path = CREDITS.md; sourceTree = "<group>"; };
		538ED8991DC409B800F14B4F /* LICENSE */ = {isa = PBXFileReference; fileEncoding = 4; lastKnownFileType = text; path = LICENSE; sourceTree = "<group>"; };
		538ED89B1DC409B800F14B4F /* Scripts */ = {isa = PBXFileReference; lastKnownFileType = folder; path = Scripts; sourceTree = "<group>"; };
		538ED8A61DC40B4D00F14B4F /* SBJson5Parser.h */ = {isa = PBXFileReference; fileEncoding = 4; lastKnownFileType = sourcecode.c.h; name = SBJson5Parser.h; path = Classes/SBJson5Parser.h; sourceTree = "<group>"; };
		538ED8A71DC40B4D00F14B4F /* SBJson5Parser.m */ = {isa = PBXFileReference; fileEncoding = 4; lastKnownFileType = sourcecode.c.objc; name = SBJson5Parser.m; path = Classes/SBJson5Parser.m; sourceTree = "<group>"; };
		538ED8A81DC40B4D00F14B4F /* SBJson5StreamParser.h */ = {isa = PBXFileReference; fileEncoding = 4; lastKnownFileType = sourcecode.c.h; name = SBJson5StreamParser.h; path = Classes/SBJson5StreamParser.h; sourceTree = "<group>"; };
		538ED8A91DC40B4D00F14B4F /* SBJson5StreamParser.m */ = {isa = PBXFileReference; fileEncoding = 4; lastKnownFileType = sourcecode.c.objc; name = SBJson5StreamParser.m; path = Classes/SBJson5StreamParser.m; sourceTree = "<group>"; };
		538ED8AA1DC40B4D00F14B4F /* SBJson5StreamParserState.h */ = {isa = PBXFileReference; fileEncoding = 4; lastKnownFileType = sourcecode.c.h; name = SBJson5StreamParserState.h; path = Classes/SBJson5StreamParserState.h; sourceTree = "<group>"; };
		538ED8AB1DC40B4D00F14B4F /* SBJson5StreamParserState.m */ = {isa = PBXFileReference; fileEncoding = 4; lastKnownFileType = sourcecode.c.objc; name = SBJson5StreamParserState.m; path = Classes/SBJson5StreamParserState.m; sourceTree = "<group>"; };
		538ED8AC1DC40B4D00F14B4F /* SBJson5StreamTokeniser.h */ = {isa = PBXFileReference; fileEncoding = 4; lastKnownFileType = sourcecode.c.h; name = SBJson5StreamTokeniser.h; path = Classes/SBJson5StreamTokeniser.h; sourceTree = "<group>"; };
		538ED8AD1DC40B4D00F14B4F /* SBJson5StreamTokeniser.m */ = {isa = PBXFileReference; fileEncoding = 4; lastKnownFileType = sourcecode.c.objc; name = SBJson5StreamTokeniser.m; path = Classes/SBJson5StreamTokeniser.m; sourceTree = "<group>"; };
		538ED8AE1DC40B4D00F14B4F /* SBJson5StreamWriter.h */ = {isa = PBXFileReference; fileEncoding = 4; lastKnownFileType = sourcecode.c.h; name = SBJson5StreamWriter.h; path = Classes/SBJson5StreamWriter.h; sourceTree = "<group>"; };
		538ED8AF1DC40B4D00F14B4F /* SBJson5StreamWriter.m */ = {isa = PBXFileReference; fileEncoding = 4; lastKnownFileType = sourcecode.c.objc; name = SBJson5StreamWriter.m; path = Classes/SBJson5StreamWriter.m; sourceTree = "<group>"; };
		538ED8B01DC40B4D00F14B4F /* SBJson5StreamWriterState.h */ = {isa = PBXFileReference; fileEncoding = 4; lastKnownFileType = sourcecode.c.h; name = SBJson5StreamWriterState.h; path = Classes/SBJson5StreamWriterState.h; sourceTree = "<group>"; };
		538ED8B11DC40B4D00F14B4F /* SBJson5StreamWriterState.m */ = {isa = PBXFileReference; fileEncoding = 4; lastKnownFileType = sourcecode.c.objc; name = SBJson5StreamWriterState.m; path = Classes/SBJson5StreamWriterState.m; sourceTree = "<group>"; };
		538ED8B21DC40B4D00F14B4F /* SBJson5Writer.h */ = {isa = PBXFileReference; fileEncoding = 4; lastKnownFileType = sourcecode.c.h; name = SBJson5Writer.h; path = Classes/SBJson5Writer.h; sourceTree = "<group>"; };
		538ED8B31DC40B4D00F14B4F /* SBJson5Writer.m */ = {isa = PBXFileReference; fileEncoding = 4; lastKnownFileType = sourcecode.c.objc; name = SBJson5Writer.m; path = Classes/SBJson5Writer.m; sourceTree = "<group>"; };
		538ED8B41DC40B4D00F14B4F /* SBJson5.h */ = {isa = PBXFileReference; fileEncoding = 4; lastKnownFileType = sourcecode.c.h; name = SBJson5.h; path = Classes/SBJson5.h; sourceTree = "<group>"; };
		538ED8E81DC40CD900F14B4F /* ErrorTest.m */ = {isa = PBXFileReference; fileEncoding = 4; lastKnownFileType = sourcecode.c.objc; name = ErrorTest.m; path = Tests/ErrorTest.m; sourceTree = "<group>"; };
		538ED8E91DC40CD900F14B4F /* JsonCheckerSuite.m */ = {isa = PBXFileReference; fileEncoding = 4; lastKnownFileType = sourcecode.c.objc; name = JsonCheckerSuite.m; path = Tests/JsonCheckerSuite.m; sourceTree = "<group>"; };
		538ED8EA1DC40CD900F14B4F /* JsonStreamTokeniserTest.m */ = {isa = PBXFileReference; fileEncoding = 4; lastKnownFileType = sourcecode.c.objc; name = JsonStreamTokeniserTest.m; path = Tests/JsonStreamTokeniserTest.m; sourceTree = "<group>"; };
		538ED8EB1DC40CD900F14B4F /* MainSuite.m */ = {isa = PBXFileReference; fileEncoding = 4; lastKnownFileType = sourcecode.c.objc; name = MainSuite.m; path = Tests/MainSuite.m; sourceTree = "<group>"; };
		538ED8EC1DC40CD900F14B4F /* ProxyTest.m */ = {isa = PBXFileReference; fileEncoding = 4; lastKnownFileType = sourcecode.c.objc; name = ProxyTest.m; path = Tests/ProxyTest.m; sourceTree = "<group>"; };
		538ED8ED1DC40CD900F14B4F /* StreamSuite.m */ = {isa = PBXFileReference; fileEncoding = 4; lastKnownFileType = sourcecode.c.objc; name = StreamSuite.m; path = Tests/StreamSuite.m; sourceTree = "<group>"; };
		538ED9221DC40F8B00F14B4F /* XCTest.framework */ = {isa = PBXFileReference; lastKnownFileType = wrapper.framework; name = XCTest.framework; path = Platforms/MacOSX.platform/Developer/Library/Frameworks/XCTest.framework; sourceTree = DEVELOPER_DIR; };
		538ED9241DC40FB300F14B4F /* XCTest.framework */ = {isa = PBXFileReference; lastKnownFileType = wrapper.framework; name = XCTest.framework; path = Platforms/iPhoneOS.platform/Developer/Library/Frameworks/XCTest.framework; sourceTree = DEVELOPER_DIR; };
/* End PBXFileReference section */

/* Begin PBXFrameworksBuildPhase section */
		535CFBDA1DD78276004D67E0 /* Frameworks */ = {
			isa = PBXFrameworksBuildPhase;
			buildActionMask = 2147483647;
			files = (
			);
			runOnlyForDeploymentPostprocessing = 0;
		};
		538ED83E1DC408C100F14B4F /* Frameworks */ = {
			isa = PBXFrameworksBuildPhase;
			buildActionMask = 2147483647;
			files = (
			);
			runOnlyForDeploymentPostprocessing = 0;
		};
		538ED8481DC408C100F14B4F /* Frameworks */ = {
			isa = PBXFrameworksBuildPhase;
			buildActionMask = 2147483647;
			files = (
				538ED9251DC40FB300F14B4F /* XCTest.framework in Frameworks */,
				538ED84C1DC408C100F14B4F /* SBJson5_iOS.framework in Frameworks */,
			);
			runOnlyForDeploymentPostprocessing = 0;
		};
		538ED85B1DC408EB00F14B4F /* Frameworks */ = {
			isa = PBXFrameworksBuildPhase;
			buildActionMask = 2147483647;
			files = (
			);
			runOnlyForDeploymentPostprocessing = 0;
		};
		538ED8641DC408EB00F14B4F /* Frameworks */ = {
			isa = PBXFrameworksBuildPhase;
			buildActionMask = 2147483647;
			files = (
				538ED9231DC40F8B00F14B4F /* XCTest.framework in Frameworks */,
				538ED8681DC408EB00F14B4F /* SBJson5_macOS.framework in Frameworks */,
			);
			runOnlyForDeploymentPostprocessing = 0;
		};
/* End PBXFrameworksBuildPhase section */

/* Begin PBXGroup section */
		535CFBDE1DD78276004D67E0 /* sbjson */ = {
			isa = PBXGroup;
			children = (
				535CFBDF1DD78276004D67E0 /* main.m */,
			);
			path = sbjson;
			sourceTree = "<group>";
		};
		538ED8361DC4088400F14B4F = {
			isa = PBXGroup;
			children = (
				530182EC1DC51749009B6892 /* TestData */,
				538ED8F41DC40CDE00F14B4F /* Tests */,
				538ED8C41DC40B5A00F14B4F /* Classes */,
				538ED8961DC409B800F14B4F /* NEWS.md */,
				538ED8971DC409B800F14B4F /* README.md */,
				538ED8981DC409B800F14B4F /* CREDITS.md */,
				538ED8991DC409B800F14B4F /* LICENSE */,
				538ED89B1DC409B800F14B4F /* Scripts */,
				538ED8441DC408C100F14B4F /* SBJson5_iOS */,
				538ED84F1DC408C100F14B4F /* SBJson5_iOSTests */,
				538ED8601DC408EB00F14B4F /* SBJson5_macOS */,
				538ED86B1DC408EB00F14B4F /* SBJson5_macOSTests */,
				535CFBDE1DD78276004D67E0 /* sbjson */,
				538ED8431DC408C100F14B4F /* Products */,
				538ED9211DC40F8B00F14B4F /* Frameworks */,
			);
			sourceTree = "<group>";
		};
		538ED8431DC408C100F14B4F /* Products */ = {
			isa = PBXGroup;
			children = (
				538ED8421DC408C100F14B4F /* SBJson5_iOS.framework */,
				538ED84B1DC408C100F14B4F /* SBJson5_iOSTests.xctest */,
				538ED85F1DC408EB00F14B4F /* SBJson5_macOS.framework */,
				538ED8671DC408EB00F14B4F /* SBJson5_macOSTests.xctest */,
				535CFBDD1DD78276004D67E0 /* sbjson */,
			);
			name = Products;
			sourceTree = "<group>";
		};
		538ED8441DC408C100F14B4F /* SBJson5_iOS */ = {
			isa = PBXGroup;
			children = (
				538ED8461DC408C100F14B4F /* Info.plist */,
			);
			path = SBJson5_iOS;
			sourceTree = "<group>";
		};
		538ED84F1DC408C100F14B4F /* SBJson5_iOSTests */ = {
			isa = PBXGroup;
			children = (
				538ED8521DC408C100F14B4F /* Info.plist */,
			);
			path = SBJson5_iOSTests;
			sourceTree = "<group>";
		};
		538ED8601DC408EB00F14B4F /* SBJson5_macOS */ = {
			isa = PBXGroup;
			children = (
				538ED8621DC408EB00F14B4F /* Info.plist */,
			);
			path = SBJson5_macOS;
			sourceTree = "<group>";
		};
		538ED86B1DC408EB00F14B4F /* SBJson5_macOSTests */ = {
			isa = PBXGroup;
			children = (
				538ED86E1DC408EB00F14B4F /* Info.plist */,
			);
			path = SBJson5_macOSTests;
			sourceTree = "<group>";
		};
		538ED8C41DC40B5A00F14B4F /* Classes */ = {
			isa = PBXGroup;
			children = (
				538ED8A61DC40B4D00F14B4F /* SBJson5Parser.h */,
				538ED8A71DC40B4D00F14B4F /* SBJson5Parser.m */,
				538ED8A81DC40B4D00F14B4F /* SBJson5StreamParser.h */,
				538ED8A91DC40B4D00F14B4F /* SBJson5StreamParser.m */,
				538ED8AA1DC40B4D00F14B4F /* SBJson5StreamParserState.h */,
				538ED8AB1DC40B4D00F14B4F /* SBJson5StreamParserState.m */,
				538ED8AC1DC40B4D00F14B4F /* SBJson5StreamTokeniser.h */,
				538ED8AD1DC40B4D00F14B4F /* SBJson5StreamTokeniser.m */,
				538ED8AE1DC40B4D00F14B4F /* SBJson5StreamWriter.h */,
				538ED8AF1DC40B4D00F14B4F /* SBJson5StreamWriter.m */,
				538ED8B01DC40B4D00F14B4F /* SBJson5StreamWriterState.h */,
				538ED8B11DC40B4D00F14B4F /* SBJson5StreamWriterState.m */,
				538ED8B21DC40B4D00F14B4F /* SBJson5Writer.h */,
				538ED8B31DC40B4D00F14B4F /* SBJson5Writer.m */,
				538ED8B41DC40B4D00F14B4F /* SBJson5.h */,
			);
			name = Classes;
			sourceTree = "<group>";
		};
		538ED8F41DC40CDE00F14B4F /* Tests */ = {
			isa = PBXGroup;
			children = (
				538ED8E81DC40CD900F14B4F /* ErrorTest.m */,
				538ED8E91DC40CD900F14B4F /* JsonCheckerSuite.m */,
				538ED8EA1DC40CD900F14B4F /* JsonStreamTokeniserTest.m */,
				538ED8EB1DC40CD900F14B4F /* MainSuite.m */,
				538ED8EC1DC40CD900F14B4F /* ProxyTest.m */,
				538ED8ED1DC40CD900F14B4F /* StreamSuite.m */,
			);
			name = Tests;
			sourceTree = "<group>";
		};
		538ED9211DC40F8B00F14B4F /* Frameworks */ = {
			isa = PBXGroup;
			children = (
				538ED9241DC40FB300F14B4F /* XCTest.framework */,
				538ED9221DC40F8B00F14B4F /* XCTest.framework */,
			);
			name = Frameworks;
			sourceTree = "<group>";
		};
/* End PBXGroup section */

/* Begin PBXHeadersBuildPhase section */
		538ED83F1DC408C100F14B4F /* Headers */ = {
			isa = PBXHeadersBuildPhase;
			buildActionMask = 2147483647;
			files = (
				538ED8C31DC40B4D00F14B4F /* SBJson5.h in Headers */,
				538ED8BB1DC40B4D00F14B4F /* SBJson5StreamTokeniser.h in Headers */,
				538ED8B91DC40B4D00F14B4F /* SBJson5StreamParserState.h in Headers */,
				538ED8B51DC40B4D00F14B4F /* SBJson5Parser.h in Headers */,
				538ED8B71DC40B4D00F14B4F /* SBJson5StreamParser.h in Headers */,
				538ED8C11DC40B4D00F14B4F /* SBJson5Writer.h in Headers */,
				538ED8BD1DC40B4D00F14B4F /* SBJson5StreamWriter.h in Headers */,
				538ED8BF1DC40B4D00F14B4F /* SBJson5StreamWriterState.h in Headers */,
			);
			runOnlyForDeploymentPostprocessing = 0;
		};
		538ED85C1DC408EB00F14B4F /* Headers */ = {
			isa = PBXHeadersBuildPhase;
			buildActionMask = 2147483647;
			files = (
				538ED91E1DC40E2300F14B4F /* SBJson5.h in Headers */,
				538ED9171DC40E2300F14B4F /* SBJson5Parser.h in Headers */,
				538ED9181DC40E2300F14B4F /* SBJson5StreamParser.h in Headers */,
				538ED9191DC40E2300F14B4F /* SBJson5StreamParserState.h in Headers */,
				538ED91A1DC40E2300F14B4F /* SBJson5StreamTokeniser.h in Headers */,
				538ED91B1DC40E2300F14B4F /* SBJson5StreamWriter.h in Headers */,
				538ED91C1DC40E2300F14B4F /* SBJson5StreamWriterState.h in Headers */,
				538ED91D1DC40E2300F14B4F /* SBJson5Writer.h in Headers */,
			);
			runOnlyForDeploymentPostprocessing = 0;
		};
/* End PBXHeadersBuildPhase section */

/* Begin PBXNativeTarget section */
		535CFBDC1DD78276004D67E0 /* sbjson */ = {
			isa = PBXNativeTarget;
			buildConfigurationList = 535CFBE31DD78276004D67E0 /* Build configuration list for PBXNativeTarget "sbjson" */;
			buildPhases = (
				535CFBD91DD78276004D67E0 /* Sources */,
				535CFBDA1DD78276004D67E0 /* Frameworks */,
				535CFBDB1DD78276004D67E0 /* CopyFiles */,
			);
			buildRules = (
			);
			dependencies = (
			);
			name = sbjson;
			productName = sbjson;
			productReference = 535CFBDD1DD78276004D67E0 /* sbjson */;
			productType = "com.apple.product-type.tool";
		};
		538ED8411DC408C100F14B4F /* SBJson5_iOS */ = {
			isa = PBXNativeTarget;
			buildConfigurationList = 538ED8581DC408C100F14B4F /* Build configuration list for PBXNativeTarget "SBJson5_iOS" */;
			buildPhases = (
				538ED83D1DC408C100F14B4F /* Sources */,
				538ED83E1DC408C100F14B4F /* Frameworks */,
				538ED83F1DC408C100F14B4F /* Headers */,
				538ED8401DC408C100F14B4F /* Resources */,
			);
			buildRules = (
			);
			dependencies = (
			);
			name = SBJson5_iOS;
			productName = SBJson5_iOS;
			productReference = 538ED8421DC408C100F14B4F /* SBJson5_iOS.framework */;
			productType = "com.apple.product-type.framework";
		};
		538ED84A1DC408C100F14B4F /* SBJson5_iOSTests */ = {
			isa = PBXNativeTarget;
			buildConfigurationList = 538ED8591DC408C100F14B4F /* Build configuration list for PBXNativeTarget "SBJson5_iOSTests" */;
			buildPhases = (
				538ED8471DC408C100F14B4F /* Sources */,
				538ED8481DC408C100F14B4F /* Frameworks */,
				538ED8491DC408C100F14B4F /* Resources */,
			);
			buildRules = (
			);
			dependencies = (
				538ED84E1DC408C100F14B4F /* PBXTargetDependency */,
			);
			name = SBJson5_iOSTests;
			productName = SBJson5_iOSTests;
			productReference = 538ED84B1DC408C100F14B4F /* SBJson5_iOSTests.xctest */;
			productType = "com.apple.product-type.bundle.unit-test";
		};
		538ED85E1DC408EB00F14B4F /* SBJson5_macOS */ = {
			isa = PBXNativeTarget;
			buildConfigurationList = 538ED8701DC408EB00F14B4F /* Build configuration list for PBXNativeTarget "SBJson5_macOS" */;
			buildPhases = (
				538ED85A1DC408EB00F14B4F /* Sources */,
				538ED85B1DC408EB00F14B4F /* Frameworks */,
				538ED85C1DC408EB00F14B4F /* Headers */,
				538ED85D1DC408EB00F14B4F /* Resources */,
			);
			buildRules = (
			);
			dependencies = (
			);
			name = SBJson5_macOS;
			productName = SBJson5_macOS;
			productReference = 538ED85F1DC408EB00F14B4F /* SBJson5_macOS.framework */;
			productType = "com.apple.product-type.framework";
		};
		538ED8661DC408EB00F14B4F /* SBJson5_macOSTests */ = {
			isa = PBXNativeTarget;
			buildConfigurationList = 538ED8731DC408EB00F14B4F /* Build configuration list for PBXNativeTarget "SBJson5_macOSTests" */;
			buildPhases = (
				538ED8631DC408EB00F14B4F /* Sources */,
				538ED8641DC408EB00F14B4F /* Frameworks */,
				538ED8651DC408EB00F14B4F /* Resources */,
			);
			buildRules = (
			);
			dependencies = (
				538ED86A1DC408EB00F14B4F /* PBXTargetDependency */,
			);
			name = SBJson5_macOSTests;
			productName = SBJson5_macOSTests;
			productReference = 538ED8671DC408EB00F14B4F /* SBJson5_macOSTests.xctest */;
			productType = "com.apple.product-type.bundle.unit-test";
		};
/* End PBXNativeTarget section */

/* Begin PBXProject section */
		538ED8371DC4088400F14B4F /* Project object */ = {
			isa = PBXProject;
			attributes = {
				LastUpgradeCheck = 1010;
				TargetAttributes = {
					535CFBDC1DD78276004D67E0 = {
						CreatedOnToolsVersion = 8.1;
						ProvisioningStyle = Automatic;
					};
					538ED8411DC408C100F14B4F = {
						CreatedOnToolsVersion = 8.0;
						ProvisioningStyle = Automatic;
					};
					538ED84A1DC408C100F14B4F = {
						CreatedOnToolsVersion = 8.0;
						ProvisioningStyle = Automatic;
					};
					538ED85E1DC408EB00F14B4F = {
						CreatedOnToolsVersion = 8.0;
						ProvisioningStyle = Automatic;
					};
					538ED8661DC408EB00F14B4F = {
						CreatedOnToolsVersion = 8.0;
						ProvisioningStyle = Automatic;
					};
				};
			};
			buildConfigurationList = 538ED83A1DC4088400F14B4F /* Build configuration list for PBXProject "SBJson5" */;
			compatibilityVersion = "Xcode 3.2";
			developmentRegion = English;
			hasScannedForEncodings = 0;
			knownRegions = (
				en,
			);
			mainGroup = 538ED8361DC4088400F14B4F;
			productRefGroup = 538ED8431DC408C100F14B4F /* Products */;
			projectDirPath = "";
			projectRoot = "";
			targets = (
				538ED8411DC408C100F14B4F /* SBJson5_iOS */,
				538ED84A1DC408C100F14B4F /* SBJson5_iOSTests */,
				538ED85E1DC408EB00F14B4F /* SBJson5_macOS */,
				538ED8661DC408EB00F14B4F /* SBJson5_macOSTests */,
				535CFBDC1DD78276004D67E0 /* sbjson */,
			);
		};
/* End PBXProject section */

/* Begin PBXResourcesBuildPhase section */
		538ED8401DC408C100F14B4F /* Resources */ = {
			isa = PBXResourcesBuildPhase;
			buildActionMask = 2147483647;
			files = (
			);
			runOnlyForDeploymentPostprocessing = 0;
		};
		538ED8491DC408C100F14B4F /* Resources */ = {
			isa = PBXResourcesBuildPhase;
			buildActionMask = 2147483647;
			files = (
				530182EE1DC51754009B6892 /* TestData in Resources */,
			);
			runOnlyForDeploymentPostprocessing = 0;
		};
		538ED85D1DC408EB00F14B4F /* Resources */ = {
			isa = PBXResourcesBuildPhase;
			buildActionMask = 2147483647;
			files = (
			);
			runOnlyForDeploymentPostprocessing = 0;
		};
		538ED8651DC408EB00F14B4F /* Resources */ = {
			isa = PBXResourcesBuildPhase;
			buildActionMask = 2147483647;
			files = (
				530182EF1DC51755009B6892 /* TestData in Resources */,
			);
			runOnlyForDeploymentPostprocessing = 0;
		};
/* End PBXResourcesBuildPhase section */

/* Begin PBXSourcesBuildPhase section */
		535CFBD91DD78276004D67E0 /* Sources */ = {
			isa = PBXSourcesBuildPhase;
			buildActionMask = 2147483647;
			files = (
				535CFBE91DD79A08004D67E0 /* SBJson5Parser.m in Sources */,
				535CFBEB1DD79A08004D67E0 /* SBJson5StreamParser.m in Sources */,
				535CFBED1DD79A08004D67E0 /* SBJson5StreamParserState.m in Sources */,
				535CFBEF1DD79A08004D67E0 /* SBJson5StreamTokeniser.m in Sources */,
				535CFBF11DD79A08004D67E0 /* SBJson5StreamWriter.m in Sources */,
				535CFBF31DD79A08004D67E0 /* SBJson5StreamWriterState.m in Sources */,
				535CFBF51DD79A08004D67E0 /* SBJson5Writer.m in Sources */,
				535CFBE01DD78276004D67E0 /* main.m in Sources */,
			);
			runOnlyForDeploymentPostprocessing = 0;
		};
		538ED83D1DC408C100F14B4F /* Sources */ = {
			isa = PBXSourcesBuildPhase;
			buildActionMask = 2147483647;
			files = (
				538ED9101DC40E0200F14B4F /* SBJson5Parser.m in Sources */,
				538ED9111DC40E0200F14B4F /* SBJson5StreamParser.m in Sources */,
				538ED9121DC40E0200F14B4F /* SBJson5StreamParserState.m in Sources */,
				538ED9131DC40E0200F14B4F /* SBJson5StreamTokeniser.m in Sources */,
				538ED9141DC40E0200F14B4F /* SBJson5StreamWriter.m in Sources */,
				538ED9151DC40E0200F14B4F /* SBJson5StreamWriterState.m in Sources */,
				538ED9161DC40E0200F14B4F /* SBJson5Writer.m in Sources */,
			);
			runOnlyForDeploymentPostprocessing = 0;
		};
		538ED8471DC408C100F14B4F /* Sources */ = {
			isa = PBXSourcesBuildPhase;
			buildActionMask = 2147483647;
			files = (
				538ED90A1DC40DE300F14B4F /* ErrorTest.m in Sources */,
				538ED90B1DC40DE300F14B4F /* JsonCheckerSuite.m in Sources */,
				538ED90C1DC40DE300F14B4F /* JsonStreamTokeniserTest.m in Sources */,
				538ED90D1DC40DE300F14B4F /* MainSuite.m in Sources */,
				538ED90E1DC40DE300F14B4F /* ProxyTest.m in Sources */,
				538ED90F1DC40DE300F14B4F /* StreamSuite.m in Sources */,
			);
			runOnlyForDeploymentPostprocessing = 0;
		};
		538ED85A1DC408EB00F14B4F /* Sources */ = {
			isa = PBXSourcesBuildPhase;
			buildActionMask = 2147483647;
			files = (
				538ED8F61DC40CF800F14B4F /* SBJson5Parser.m in Sources */,
				538ED8F81DC40CF800F14B4F /* SBJson5StreamParser.m in Sources */,
				538ED8FA1DC40CF800F14B4F /* SBJson5StreamParserState.m in Sources */,
				538ED8FC1DC40CF800F14B4F /* SBJson5StreamTokeniser.m in Sources */,
				538ED8FE1DC40CF800F14B4F /* SBJson5StreamWriter.m in Sources */,
				538ED9001DC40CF800F14B4F /* SBJson5StreamWriterState.m in Sources */,
				538ED9021DC40CF800F14B4F /* SBJson5Writer.m in Sources */,
			);
			runOnlyForDeploymentPostprocessing = 0;
		};
		538ED8631DC408EB00F14B4F /* Sources */ = {
			isa = PBXSourcesBuildPhase;
			buildActionMask = 2147483647;
			files = (
				538ED9041DC40D0C00F14B4F /* ErrorTest.m in Sources */,
				538ED9051DC40D0C00F14B4F /* JsonCheckerSuite.m in Sources */,
				538ED9061DC40D0C00F14B4F /* JsonStreamTokeniserTest.m in Sources */,
				538ED9071DC40D0C00F14B4F /* MainSuite.m in Sources */,
				538ED9081DC40D0C00F14B4F /* ProxyTest.m in Sources */,
				538ED9091DC40D0C00F14B4F /* StreamSuite.m in Sources */,
			);
			runOnlyForDeploymentPostprocessing = 0;
		};
/* End PBXSourcesBuildPhase section */

/* Begin PBXTargetDependency section */
		538ED84E1DC408C100F14B4F /* PBXTargetDependency */ = {
			isa = PBXTargetDependency;
			target = 538ED8411DC408C100F14B4F /* SBJson5_iOS */;
			targetProxy = 538ED84D1DC408C100F14B4F /* PBXContainerItemProxy */;
		};
		538ED86A1DC408EB00F14B4F /* PBXTargetDependency */ = {
			isa = PBXTargetDependency;
			target = 538ED85E1DC408EB00F14B4F /* SBJson5_macOS */;
			targetProxy = 538ED8691DC408EB00F14B4F /* PBXContainerItemProxy */;
		};
/* End PBXTargetDependency section */

/* Begin XCBuildConfiguration section */
		535CFBE11DD78276004D67E0 /* Debug */ = {
			isa = XCBuildConfiguration;
			buildSettings = {
				ALWAYS_SEARCH_USER_PATHS = NO;
				CLANG_ANALYZER_NONNULL = YES;
				CLANG_CXX_LANGUAGE_STANDARD = "gnu++0x";
				CLANG_CXX_LIBRARY = "libc++";
				CLANG_ENABLE_MODULES = YES;
				CLANG_ENABLE_OBJC_ARC = YES;
				CLANG_WARN_DIRECT_OBJC_ISA_USAGE = YES_ERROR;
				CLANG_WARN_DOCUMENTATION_COMMENTS = YES;
				CLANG_WARN_OBJC_ROOT_CLASS = YES_ERROR;
				CLANG_WARN_SUSPICIOUS_MOVES = YES;
				CODE_SIGN_IDENTITY = "-";
				COPY_PHASE_STRIP = NO;
				DEBUG_INFORMATION_FORMAT = dwarf;
				GCC_C_LANGUAGE_STANDARD = gnu99;
				GCC_DYNAMIC_NO_PIC = NO;
				GCC_OPTIMIZATION_LEVEL = 0;
				GCC_PREPROCESSOR_DEFINITIONS = (
					"DEBUG=1",
					"$(inherited)",
				);
				GCC_WARN_ABOUT_RETURN_TYPE = YES_ERROR;
				GCC_WARN_UNINITIALIZED_AUTOS = YES_AGGRESSIVE;
				MACOSX_DEPLOYMENT_TARGET = 10.12;
				MTL_ENABLE_DEBUG_INFO = YES;
				PRODUCT_NAME = "$(TARGET_NAME)";
				SDKROOT = macosx;
			};
			name = Debug;
		};
		535CFBE21DD78276004D67E0 /* Release */ = {
			isa = XCBuildConfiguration;
			buildSettings = {
				ALWAYS_SEARCH_USER_PATHS = NO;
				CLANG_ANALYZER_NONNULL = YES;
				CLANG_CXX_LANGUAGE_STANDARD = "gnu++0x";
				CLANG_CXX_LIBRARY = "libc++";
				CLANG_ENABLE_MODULES = YES;
				CLANG_ENABLE_OBJC_ARC = YES;
				CLANG_WARN_DIRECT_OBJC_ISA_USAGE = YES_ERROR;
				CLANG_WARN_DOCUMENTATION_COMMENTS = YES;
				CLANG_WARN_OBJC_ROOT_CLASS = YES_ERROR;
				CLANG_WARN_SUSPICIOUS_MOVES = YES;
				CODE_SIGN_IDENTITY = "-";
				COPY_PHASE_STRIP = NO;
				DEBUG_INFORMATION_FORMAT = "dwarf-with-dsym";
				ENABLE_NS_ASSERTIONS = NO;
				GCC_C_LANGUAGE_STANDARD = gnu99;
				GCC_WARN_ABOUT_RETURN_TYPE = YES_ERROR;
				GCC_WARN_UNINITIALIZED_AUTOS = YES_AGGRESSIVE;
				MACOSX_DEPLOYMENT_TARGET = 10.12;
				MTL_ENABLE_DEBUG_INFO = NO;
				PRODUCT_NAME = "$(TARGET_NAME)";
				SDKROOT = macosx;
			};
			name = Release;
		};
		538ED83B1DC4088400F14B4F /* Debug */ = {
			isa = XCBuildConfiguration;
			buildSettings = {
				CLANG_WARN_BLOCK_CAPTURE_AUTORELEASING = YES;
				CLANG_WARN_BOOL_CONVERSION = YES;
				CLANG_WARN_COMMA = YES;
				CLANG_WARN_CONSTANT_CONVERSION = YES;
				CLANG_WARN_DEPRECATED_OBJC_IMPLEMENTATIONS = YES;
				CLANG_WARN_EMPTY_BODY = YES;
				CLANG_WARN_ENUM_CONVERSION = YES;
				CLANG_WARN_IMPLICIT_SIGN_CONVERSION = YES;
				CLANG_WARN_INFINITE_RECURSION = YES;
				CLANG_WARN_INT_CONVERSION = YES;
				CLANG_WARN_NON_LITERAL_NULL_CONVERSION = YES;
				CLANG_WARN_OBJC_IMPLICIT_RETAIN_SELF = YES;
				CLANG_WARN_OBJC_LITERAL_CONVERSION = YES;
				CLANG_WARN_RANGE_LOOP_ANALYSIS = YES;
				CLANG_WARN_STRICT_PROTOTYPES = YES;
				CLANG_WARN_SUSPICIOUS_MOVE = YES;
				CLANG_WARN_UNREACHABLE_CODE = YES;
				CLANG_WARN__DUPLICATE_METHOD_MATCH = YES;
				ENABLE_STRICT_OBJC_MSGSEND = YES;
				ENABLE_TESTABILITY = YES;
				GCC_NO_COMMON_BLOCKS = YES;
				GCC_WARN_64_TO_32_BIT_CONVERSION = YES;
				GCC_WARN_ABOUT_RETURN_TYPE = YES;
				GCC_WARN_SIGN_COMPARE = YES;
				GCC_WARN_UNDECLARED_SELECTOR = YES;
				GCC_WARN_UNINITIALIZED_AUTOS = YES;
				GCC_WARN_UNUSED_FUNCTION = YES;
				GCC_WARN_UNUSED_VARIABLE = YES;
				ONLY_ACTIVE_ARCH = YES;
			};
			name = Debug;
		};
		538ED83C1DC4088400F14B4F /* Release */ = {
			isa = XCBuildConfiguration;
			buildSettings = {
				CLANG_WARN_BLOCK_CAPTURE_AUTORELEASING = YES;
				CLANG_WARN_BOOL_CONVERSION = YES;
				CLANG_WARN_COMMA = YES;
				CLANG_WARN_CONSTANT_CONVERSION = YES;
				CLANG_WARN_DEPRECATED_OBJC_IMPLEMENTATIONS = YES;
				CLANG_WARN_EMPTY_BODY = YES;
				CLANG_WARN_ENUM_CONVERSION = YES;
				CLANG_WARN_IMPLICIT_SIGN_CONVERSION = YES;
				CLANG_WARN_INFINITE_RECURSION = YES;
				CLANG_WARN_INT_CONVERSION = YES;
				CLANG_WARN_NON_LITERAL_NULL_CONVERSION = YES;
				CLANG_WARN_OBJC_IMPLICIT_RETAIN_SELF = YES;
				CLANG_WARN_OBJC_LITERAL_CONVERSION = YES;
				CLANG_WARN_RANGE_LOOP_ANALYSIS = YES;
				CLANG_WARN_STRICT_PROTOTYPES = YES;
				CLANG_WARN_SUSPICIOUS_MOVE = YES;
				CLANG_WARN_UNREACHABLE_CODE = YES;
				CLANG_WARN__DUPLICATE_METHOD_MATCH = YES;
				ENABLE_STRICT_OBJC_MSGSEND = YES;
				GCC_NO_COMMON_BLOCKS = YES;
				GCC_WARN_64_TO_32_BIT_CONVERSION = YES;
				GCC_WARN_ABOUT_RETURN_TYPE = YES;
				GCC_WARN_SIGN_COMPARE = YES;
				GCC_WARN_UNDECLARED_SELECTOR = YES;
				GCC_WARN_UNINITIALIZED_AUTOS = YES;
				GCC_WARN_UNUSED_FUNCTION = YES;
				GCC_WARN_UNUSED_VARIABLE = YES;
			};
			name = Release;
		};
		538ED8541DC408C100F14B4F /* Debug */ = {
			isa = XCBuildConfiguration;
			buildSettings = {
				ALWAYS_SEARCH_USER_PATHS = NO;
				CLANG_ANALYZER_NONNULL = YES;
				CLANG_CXX_LANGUAGE_STANDARD = "gnu++0x";
				CLANG_CXX_LIBRARY = "libc++";
				CLANG_ENABLE_MODULES = YES;
				CLANG_ENABLE_OBJC_ARC = YES;
				CLANG_WARN_BOOL_CONVERSION = YES;
				CLANG_WARN_CONSTANT_CONVERSION = YES;
				CLANG_WARN_DIRECT_OBJC_ISA_USAGE = YES_ERROR;
				CLANG_WARN_DOCUMENTATION_COMMENTS = YES;
				CLANG_WARN_EMPTY_BODY = YES;
				CLANG_WARN_ENUM_CONVERSION = YES;
				CLANG_WARN_INFINITE_RECURSION = YES;
				CLANG_WARN_INT_CONVERSION = YES;
				CLANG_WARN_OBJC_ROOT_CLASS = YES_ERROR;
				CLANG_WARN_SUSPICIOUS_MOVES = YES;
				CLANG_WARN_UNREACHABLE_CODE = YES;
				CLANG_WARN__DUPLICATE_METHOD_MATCH = YES;
				CODE_SIGN_IDENTITY = "";
				"CODE_SIGN_IDENTITY[sdk=iphoneos*]" = "";
				COPY_PHASE_STRIP = NO;
				CURRENT_PROJECT_VERSION = 1;
				DEBUG_INFORMATION_FORMAT = dwarf;
				DEFINES_MODULE = YES;
				DYLIB_COMPATIBILITY_VERSION = 1;
				DYLIB_CURRENT_VERSION = 1;
				DYLIB_INSTALL_NAME_BASE = "@rpath";
				ENABLE_STRICT_OBJC_MSGSEND = YES;
				ENABLE_TESTABILITY = YES;
				GCC_C_LANGUAGE_STANDARD = gnu99;
				GCC_DYNAMIC_NO_PIC = NO;
				GCC_NO_COMMON_BLOCKS = YES;
				GCC_OPTIMIZATION_LEVEL = 0;
				GCC_PREPROCESSOR_DEFINITIONS = (
					"DEBUG=1",
					"$(inherited)",
				);
				GCC_WARN_64_TO_32_BIT_CONVERSION = YES;
				GCC_WARN_ABOUT_RETURN_TYPE = YES_ERROR;
				GCC_WARN_UNDECLARED_SELECTOR = YES;
				GCC_WARN_UNINITIALIZED_AUTOS = YES_AGGRESSIVE;
				GCC_WARN_UNUSED_FUNCTION = YES;
				GCC_WARN_UNUSED_VARIABLE = YES;
				INFOPLIST_FILE = SBJson5_iOS/Info.plist;
				INSTALL_PATH = "$(LOCAL_LIBRARY_DIR)/Frameworks";
				IPHONEOS_DEPLOYMENT_TARGET = 10.0;
				LD_RUNPATH_SEARCH_PATHS = "$(inherited) @executable_path/Frameworks @loader_path/Frameworks";
				MTL_ENABLE_DEBUG_INFO = YES;
				ONLY_ACTIVE_ARCH = YES;
				PRODUCT_BUNDLE_IDENTIFIER = "org.brautaset.SBJson5-iOS";
				PRODUCT_NAME = "$(TARGET_NAME)";
				SDKROOT = iphoneos;
				SKIP_INSTALL = YES;
				TARGETED_DEVICE_FAMILY = "1,2";
				VERSIONING_SYSTEM = "apple-generic";
				VERSION_INFO_PREFIX = "";
			};
			name = Debug;
		};
		538ED8551DC408C100F14B4F /* Release */ = {
			isa = XCBuildConfiguration;
			buildSettings = {
				ALWAYS_SEARCH_USER_PATHS = NO;
				CLANG_ANALYZER_NONNULL = YES;
				CLANG_CXX_LANGUAGE_STANDARD = "gnu++0x";
				CLANG_CXX_LIBRARY = "libc++";
				CLANG_ENABLE_MODULES = YES;
				CLANG_ENABLE_OBJC_ARC = YES;
				CLANG_WARN_BOOL_CONVERSION = YES;
				CLANG_WARN_CONSTANT_CONVERSION = YES;
				CLANG_WARN_DIRECT_OBJC_ISA_USAGE = YES_ERROR;
				CLANG_WARN_DOCUMENTATION_COMMENTS = YES;
				CLANG_WARN_EMPTY_BODY = YES;
				CLANG_WARN_ENUM_CONVERSION = YES;
				CLANG_WARN_INFINITE_RECURSION = YES;
				CLANG_WARN_INT_CONVERSION = YES;
				CLANG_WARN_OBJC_ROOT_CLASS = YES_ERROR;
				CLANG_WARN_SUSPICIOUS_MOVES = YES;
				CLANG_WARN_UNREACHABLE_CODE = YES;
				CLANG_WARN__DUPLICATE_METHOD_MATCH = YES;
				CODE_SIGN_IDENTITY = "";
				"CODE_SIGN_IDENTITY[sdk=iphoneos*]" = "";
				COPY_PHASE_STRIP = NO;
				CURRENT_PROJECT_VERSION = 1;
				DEBUG_INFORMATION_FORMAT = "dwarf-with-dsym";
				DEFINES_MODULE = YES;
				DYLIB_COMPATIBILITY_VERSION = 1;
				DYLIB_CURRENT_VERSION = 1;
				DYLIB_INSTALL_NAME_BASE = "@rpath";
				ENABLE_NS_ASSERTIONS = NO;
				ENABLE_STRICT_OBJC_MSGSEND = YES;
				GCC_C_LANGUAGE_STANDARD = gnu99;
				GCC_NO_COMMON_BLOCKS = YES;
				GCC_WARN_64_TO_32_BIT_CONVERSION = YES;
				GCC_WARN_ABOUT_RETURN_TYPE = YES_ERROR;
				GCC_WARN_UNDECLARED_SELECTOR = YES;
				GCC_WARN_UNINITIALIZED_AUTOS = YES_AGGRESSIVE;
				GCC_WARN_UNUSED_FUNCTION = YES;
				GCC_WARN_UNUSED_VARIABLE = YES;
				INFOPLIST_FILE = SBJson5_iOS/Info.plist;
				INSTALL_PATH = "$(LOCAL_LIBRARY_DIR)/Frameworks";
				IPHONEOS_DEPLOYMENT_TARGET = 10.0;
				LD_RUNPATH_SEARCH_PATHS = "$(inherited) @executable_path/Frameworks @loader_path/Frameworks";
				MTL_ENABLE_DEBUG_INFO = NO;
				PRODUCT_BUNDLE_IDENTIFIER = "org.brautaset.SBJson5-iOS";
				PRODUCT_NAME = "$(TARGET_NAME)";
				SDKROOT = iphoneos;
				SKIP_INSTALL = YES;
				TARGETED_DEVICE_FAMILY = "1,2";
				VALIDATE_PRODUCT = YES;
				VERSIONING_SYSTEM = "apple-generic";
				VERSION_INFO_PREFIX = "";
			};
			name = Release;
		};
		538ED8561DC408C100F14B4F /* Debug */ = {
			isa = XCBuildConfiguration;
			buildSettings = {
				ALWAYS_SEARCH_USER_PATHS = NO;
				CLANG_ANALYZER_NONNULL = YES;
				CLANG_CXX_LANGUAGE_STANDARD = "gnu++0x";
				CLANG_CXX_LIBRARY = "libc++";
				CLANG_ENABLE_MODULES = YES;
				CLANG_ENABLE_OBJC_ARC = YES;
				CLANG_WARN_BOOL_CONVERSION = YES;
				CLANG_WARN_CONSTANT_CONVERSION = YES;
				CLANG_WARN_DIRECT_OBJC_ISA_USAGE = YES_ERROR;
				CLANG_WARN_DOCUMENTATION_COMMENTS = YES;
				CLANG_WARN_EMPTY_BODY = YES;
				CLANG_WARN_ENUM_CONVERSION = YES;
				CLANG_WARN_INFINITE_RECURSION = YES;
				CLANG_WARN_INT_CONVERSION = YES;
				CLANG_WARN_OBJC_ROOT_CLASS = YES_ERROR;
				CLANG_WARN_SUSPICIOUS_MOVES = YES;
				CLANG_WARN_UNREACHABLE_CODE = YES;
				CLANG_WARN__DUPLICATE_METHOD_MATCH = YES;
				"CODE_SIGN_IDENTITY[sdk=iphoneos*]" = "iPhone Developer";
				COPY_PHASE_STRIP = NO;
				DEBUG_INFORMATION_FORMAT = dwarf;
				ENABLE_STRICT_OBJC_MSGSEND = YES;
				ENABLE_TESTABILITY = YES;
				GCC_C_LANGUAGE_STANDARD = gnu99;
				GCC_DYNAMIC_NO_PIC = NO;
				GCC_NO_COMMON_BLOCKS = YES;
				GCC_OPTIMIZATION_LEVEL = 0;
				GCC_PREPROCESSOR_DEFINITIONS = (
					"DEBUG=1",
					"$(inherited)",
				);
				GCC_WARN_64_TO_32_BIT_CONVERSION = YES;
				GCC_WARN_ABOUT_RETURN_TYPE = YES_ERROR;
				GCC_WARN_UNDECLARED_SELECTOR = YES;
				GCC_WARN_UNINITIALIZED_AUTOS = YES_AGGRESSIVE;
				GCC_WARN_UNUSED_FUNCTION = YES;
				GCC_WARN_UNUSED_VARIABLE = YES;
				INFOPLIST_FILE = SBJson5_iOSTests/Info.plist;
				IPHONEOS_DEPLOYMENT_TARGET = 10.0;
				LD_RUNPATH_SEARCH_PATHS = "$(inherited) @executable_path/Frameworks @loader_path/Frameworks";
				MTL_ENABLE_DEBUG_INFO = YES;
				ONLY_ACTIVE_ARCH = YES;
				PRODUCT_BUNDLE_IDENTIFIER = "org.brautaset.SBJson5-iOSTests";
				PRODUCT_NAME = "$(TARGET_NAME)";
				SDKROOT = iphoneos;
			};
			name = Debug;
		};
		538ED8571DC408C100F14B4F /* Release */ = {
			isa = XCBuildConfiguration;
			buildSettings = {
				ALWAYS_SEARCH_USER_PATHS = NO;
				CLANG_ANALYZER_NONNULL = YES;
				CLANG_CXX_LANGUAGE_STANDARD = "gnu++0x";
				CLANG_CXX_LIBRARY = "libc++";
				CLANG_ENABLE_MODULES = YES;
				CLANG_ENABLE_OBJC_ARC = YES;
				CLANG_WARN_BOOL_CONVERSION = YES;
				CLANG_WARN_CONSTANT_CONVERSION = YES;
				CLANG_WARN_DIRECT_OBJC_ISA_USAGE = YES_ERROR;
				CLANG_WARN_DOCUMENTATION_COMMENTS = YES;
				CLANG_WARN_EMPTY_BODY = YES;
				CLANG_WARN_ENUM_CONVERSION = YES;
				CLANG_WARN_INFINITE_RECURSION = YES;
				CLANG_WARN_INT_CONVERSION = YES;
				CLANG_WARN_OBJC_ROOT_CLASS = YES_ERROR;
				CLANG_WARN_SUSPICIOUS_MOVES = YES;
				CLANG_WARN_UNREACHABLE_CODE = YES;
				CLANG_WARN__DUPLICATE_METHOD_MATCH = YES;
				"CODE_SIGN_IDENTITY[sdk=iphoneos*]" = "iPhone Developer";
				COPY_PHASE_STRIP = NO;
				DEBUG_INFORMATION_FORMAT = "dwarf-with-dsym";
				ENABLE_NS_ASSERTIONS = NO;
				ENABLE_STRICT_OBJC_MSGSEND = YES;
				GCC_C_LANGUAGE_STANDARD = gnu99;
				GCC_NO_COMMON_BLOCKS = YES;
				GCC_WARN_64_TO_32_BIT_CONVERSION = YES;
				GCC_WARN_ABOUT_RETURN_TYPE = YES_ERROR;
				GCC_WARN_UNDECLARED_SELECTOR = YES;
				GCC_WARN_UNINITIALIZED_AUTOS = YES_AGGRESSIVE;
				GCC_WARN_UNUSED_FUNCTION = YES;
				GCC_WARN_UNUSED_VARIABLE = YES;
				INFOPLIST_FILE = SBJson5_iOSTests/Info.plist;
				IPHONEOS_DEPLOYMENT_TARGET = 10.0;
				LD_RUNPATH_SEARCH_PATHS = "$(inherited) @executable_path/Frameworks @loader_path/Frameworks";
				MTL_ENABLE_DEBUG_INFO = NO;
				PRODUCT_BUNDLE_IDENTIFIER = "org.brautaset.SBJson5-iOSTests";
				PRODUCT_NAME = "$(TARGET_NAME)";
				SDKROOT = iphoneos;
				VALIDATE_PRODUCT = YES;
			};
			name = Release;
		};
		538ED8711DC408EB00F14B4F /* Debug */ = {
			isa = XCBuildConfiguration;
			buildSettings = {
				ALWAYS_SEARCH_USER_PATHS = NO;
				CLANG_ANALYZER_NONNULL = YES;
				CLANG_CXX_LANGUAGE_STANDARD = "gnu++0x";
				CLANG_CXX_LIBRARY = "libc++";
				CLANG_ENABLE_MODULES = YES;
				CLANG_ENABLE_OBJC_ARC = YES;
				CLANG_WARN_BOOL_CONVERSION = YES;
				CLANG_WARN_CONSTANT_CONVERSION = YES;
				CLANG_WARN_DIRECT_OBJC_ISA_USAGE = YES_ERROR;
				CLANG_WARN_DOCUMENTATION_COMMENTS = YES;
				CLANG_WARN_EMPTY_BODY = YES;
				CLANG_WARN_ENUM_CONVERSION = YES;
				CLANG_WARN_INFINITE_RECURSION = YES;
				CLANG_WARN_INT_CONVERSION = YES;
				CLANG_WARN_OBJC_ROOT_CLASS = YES_ERROR;
				CLANG_WARN_SUSPICIOUS_MOVES = YES;
				CLANG_WARN_UNREACHABLE_CODE = YES;
				CLANG_WARN__DUPLICATE_METHOD_MATCH = YES;
				CODE_SIGN_IDENTITY = "-";
				COMBINE_HIDPI_IMAGES = YES;
				COPY_PHASE_STRIP = NO;
				CURRENT_PROJECT_VERSION = 1;
				DEBUG_INFORMATION_FORMAT = dwarf;
				DEFINES_MODULE = YES;
				DYLIB_COMPATIBILITY_VERSION = 1;
				DYLIB_CURRENT_VERSION = 1;
				DYLIB_INSTALL_NAME_BASE = "@rpath";
				ENABLE_STRICT_OBJC_MSGSEND = YES;
				ENABLE_TESTABILITY = YES;
				FRAMEWORK_VERSION = A;
				GCC_C_LANGUAGE_STANDARD = gnu99;
				GCC_DYNAMIC_NO_PIC = NO;
				GCC_NO_COMMON_BLOCKS = YES;
				GCC_OPTIMIZATION_LEVEL = 0;
				GCC_PREPROCESSOR_DEFINITIONS = (
					"DEBUG=1",
					"$(inherited)",
				);
				GCC_WARN_64_TO_32_BIT_CONVERSION = YES;
				GCC_WARN_ABOUT_RETURN_TYPE = YES_ERROR;
				GCC_WARN_UNDECLARED_SELECTOR = YES;
				GCC_WARN_UNINITIALIZED_AUTOS = YES_AGGRESSIVE;
				GCC_WARN_UNUSED_FUNCTION = YES;
				GCC_WARN_UNUSED_VARIABLE = YES;
				INFOPLIST_FILE = SBJson5_macOS/Info.plist;
				INSTALL_PATH = "$(LOCAL_LIBRARY_DIR)/Frameworks";
				LD_RUNPATH_SEARCH_PATHS = "$(inherited) @executable_path/../Frameworks @loader_path/Frameworks";
				MACOSX_DEPLOYMENT_TARGET = 10.12;
				MTL_ENABLE_DEBUG_INFO = YES;
				ONLY_ACTIVE_ARCH = YES;
				PRODUCT_BUNDLE_IDENTIFIER = "org.brautaset.SBJson5-macOS";
				PRODUCT_NAME = "$(TARGET_NAME)";
				SDKROOT = macosx;
				SKIP_INSTALL = YES;
				VERSIONING_SYSTEM = "apple-generic";
				VERSION_INFO_PREFIX = "";
			};
			name = Debug;
		};
		538ED8721DC408EB00F14B4F /* Release */ = {
			isa = XCBuildConfiguration;
			buildSettings = {
				ALWAYS_SEARCH_USER_PATHS = NO;
				CLANG_ANALYZER_NONNULL = YES;
				CLANG_CXX_LANGUAGE_STANDARD = "gnu++0x";
				CLANG_CXX_LIBRARY = "libc++";
				CLANG_ENABLE_MODULES = YES;
				CLANG_ENABLE_OBJC_ARC = YES;
				CLANG_WARN_BOOL_CONVERSION = YES;
				CLANG_WARN_CONSTANT_CONVERSION = YES;
				CLANG_WARN_DIRECT_OBJC_ISA_USAGE = YES_ERROR;
				CLANG_WARN_DOCUMENTATION_COMMENTS = YES;
				CLANG_WARN_EMPTY_BODY = YES;
				CLANG_WARN_ENUM_CONVERSION = YES;
				CLANG_WARN_INFINITE_RECURSION = YES;
				CLANG_WARN_INT_CONVERSION = YES;
				CLANG_WARN_OBJC_ROOT_CLASS = YES_ERROR;
				CLANG_WARN_SUSPICIOUS_MOVES = YES;
				CLANG_WARN_UNREACHABLE_CODE = YES;
				CLANG_WARN__DUPLICATE_METHOD_MATCH = YES;
				CODE_SIGN_IDENTITY = "-";
				COMBINE_HIDPI_IMAGES = YES;
				COPY_PHASE_STRIP = NO;
				CURRENT_PROJECT_VERSION = 1;
				DEBUG_INFORMATION_FORMAT = "dwarf-with-dsym";
				DEFINES_MODULE = YES;
				DYLIB_COMPATIBILITY_VERSION = 1;
				DYLIB_CURRENT_VERSION = 1;
				DYLIB_INSTALL_NAME_BASE = "@rpath";
				ENABLE_NS_ASSERTIONS = NO;
				ENABLE_STRICT_OBJC_MSGSEND = YES;
				FRAMEWORK_VERSION = A;
				GCC_C_LANGUAGE_STANDARD = gnu99;
				GCC_NO_COMMON_BLOCKS = YES;
				GCC_WARN_64_TO_32_BIT_CONVERSION = YES;
				GCC_WARN_ABOUT_RETURN_TYPE = YES_ERROR;
				GCC_WARN_UNDECLARED_SELECTOR = YES;
				GCC_WARN_UNINITIALIZED_AUTOS = YES_AGGRESSIVE;
				GCC_WARN_UNUSED_FUNCTION = YES;
				GCC_WARN_UNUSED_VARIABLE = YES;
				INFOPLIST_FILE = SBJson5_macOS/Info.plist;
				INSTALL_PATH = "$(LOCAL_LIBRARY_DIR)/Frameworks";
				LD_RUNPATH_SEARCH_PATHS = "$(inherited) @executable_path/../Frameworks @loader_path/Frameworks";
				MACOSX_DEPLOYMENT_TARGET = 10.12;
				MTL_ENABLE_DEBUG_INFO = NO;
				PRODUCT_BUNDLE_IDENTIFIER = "org.brautaset.SBJson5-macOS";
				PRODUCT_NAME = "$(TARGET_NAME)";
				SDKROOT = macosx;
				SKIP_INSTALL = YES;
				VERSIONING_SYSTEM = "apple-generic";
				VERSION_INFO_PREFIX = "";
			};
			name = Release;
		};
		538ED8741DC408EB00F14B4F /* Debug */ = {
			isa = XCBuildConfiguration;
			buildSettings = {
				ALWAYS_SEARCH_USER_PATHS = NO;
				CLANG_ANALYZER_NONNULL = YES;
				CLANG_CXX_LANGUAGE_STANDARD = "gnu++0x";
				CLANG_CXX_LIBRARY = "libc++";
				CLANG_ENABLE_MODULES = YES;
				CLANG_ENABLE_OBJC_ARC = YES;
				CLANG_WARN_BOOL_CONVERSION = YES;
				CLANG_WARN_CONSTANT_CONVERSION = YES;
				CLANG_WARN_DIRECT_OBJC_ISA_USAGE = YES_ERROR;
				CLANG_WARN_DOCUMENTATION_COMMENTS = YES;
				CLANG_WARN_EMPTY_BODY = YES;
				CLANG_WARN_ENUM_CONVERSION = YES;
				CLANG_WARN_INFINITE_RECURSION = YES;
				CLANG_WARN_INT_CONVERSION = YES;
				CLANG_WARN_OBJC_ROOT_CLASS = YES_ERROR;
				CLANG_WARN_SUSPICIOUS_MOVES = YES;
				CLANG_WARN_UNREACHABLE_CODE = YES;
				CLANG_WARN__DUPLICATE_METHOD_MATCH = YES;
				CODE_SIGN_IDENTITY = "-";
				COMBINE_HIDPI_IMAGES = YES;
				COPY_PHASE_STRIP = NO;
				DEBUG_INFORMATION_FORMAT = dwarf;
				ENABLE_STRICT_OBJC_MSGSEND = YES;
				ENABLE_TESTABILITY = YES;
				GCC_C_LANGUAGE_STANDARD = gnu99;
				GCC_DYNAMIC_NO_PIC = NO;
				GCC_NO_COMMON_BLOCKS = YES;
				GCC_OPTIMIZATION_LEVEL = 0;
				GCC_PREPROCESSOR_DEFINITIONS = (
					"DEBUG=1",
					"$(inherited)",
				);
				GCC_WARN_64_TO_32_BIT_CONVERSION = YES;
				GCC_WARN_ABOUT_RETURN_TYPE = YES_ERROR;
				GCC_WARN_UNDECLARED_SELECTOR = YES;
				GCC_WARN_UNINITIALIZED_AUTOS = YES_AGGRESSIVE;
				GCC_WARN_UNUSED_FUNCTION = YES;
				GCC_WARN_UNUSED_VARIABLE = YES;
				INFOPLIST_FILE = SBJson5_macOSTests/Info.plist;
				LD_RUNPATH_SEARCH_PATHS = "$(inherited) @executable_path/../Frameworks @loader_path/../Frameworks";
				MACOSX_DEPLOYMENT_TARGET = 10.12;
				MTL_ENABLE_DEBUG_INFO = YES;
				ONLY_ACTIVE_ARCH = YES;
				PRODUCT_BUNDLE_IDENTIFIER = "org.brautaset.SBJson5-macOSTests";
				PRODUCT_NAME = "$(TARGET_NAME)";
				SDKROOT = macosx;
			};
			name = Debug;
		};
		538ED8751DC408EB00F14B4F /* Release */ = {
			isa = XCBuildConfiguration;
			buildSettings = {
				ALWAYS_SEARCH_USER_PATHS = NO;
				CLANG_ANALYZER_NONNULL = YES;
				CLANG_CXX_LANGUAGE_STANDARD = "gnu++0x";
				CLANG_CXX_LIBRARY = "libc++";
				CLANG_ENABLE_MODULES = YES;
				CLANG_ENABLE_OBJC_ARC = YES;
				CLANG_WARN_BOOL_CONVERSION = YES;
				CLANG_WARN_CONSTANT_CONVERSION = YES;
				CLANG_WARN_DIRECT_OBJC_ISA_USAGE = YES_ERROR;
				CLANG_WARN_DOCUMENTATION_COMMENTS = YES;
				CLANG_WARN_EMPTY_BODY = YES;
				CLANG_WARN_ENUM_CONVERSION = YES;
				CLANG_WARN_INFINITE_RECURSION = YES;
				CLANG_WARN_INT_CONVERSION = YES;
				CLANG_WARN_OBJC_ROOT_CLASS = YES_ERROR;
				CLANG_WARN_SUSPICIOUS_MOVES = YES;
				CLANG_WARN_UNREACHABLE_CODE = YES;
				CLANG_WARN__DUPLICATE_METHOD_MATCH = YES;
				CODE_SIGN_IDENTITY = "-";
				COMBINE_HIDPI_IMAGES = YES;
				COPY_PHASE_STRIP = NO;
				DEBUG_INFORMATION_FORMAT = "dwarf-with-dsym";
				ENABLE_NS_ASSERTIONS = NO;
				ENABLE_STRICT_OBJC_MSGSEND = YES;
				GCC_C_LANGUAGE_STANDARD = gnu99;
				GCC_NO_COMMON_BLOCKS = YES;
				GCC_WARN_64_TO_32_BIT_CONVERSION = YES;
				GCC_WARN_ABOUT_RETURN_TYPE = YES_ERROR;
				GCC_WARN_UNDECLARED_SELECTOR = YES;
				GCC_WARN_UNINITIALIZED_AUTOS = YES_AGGRESSIVE;
				GCC_WARN_UNUSED_FUNCTION = YES;
				GCC_WARN_UNUSED_VARIABLE = YES;
				INFOPLIST_FILE = SBJson5_macOSTests/Info.plist;
				LD_RUNPATH_SEARCH_PATHS = "$(inherited) @executable_path/../Frameworks @loader_path/../Frameworks";
				MACOSX_DEPLOYMENT_TARGET = 10.12;
				MTL_ENABLE_DEBUG_INFO = NO;
				PRODUCT_BUNDLE_IDENTIFIER = "org.brautaset.SBJson5-macOSTests";
				PRODUCT_NAME = "$(TARGET_NAME)";
				SDKROOT = macosx;
			};
			name = Release;
		};
/* End XCBuildConfiguration section */

/* Begin XCConfigurationList section */
		535CFBE31DD78276004D67E0 /* Build configuration list for PBXNativeTarget "sbjson" */ = {
			isa = XCConfigurationList;
			buildConfigurations = (
				535CFBE11DD78276004D67E0 /* Debug */,
				535CFBE21DD78276004D67E0 /* Release */,
			);
			defaultConfigurationIsVisible = 0;
			defaultConfigurationName = Release;
		};
		538ED83A1DC4088400F14B4F /* Build configuration list for PBXProject "SBJson5" */ = {
			isa = XCConfigurationList;
			buildConfigurations = (
				538ED83B1DC4088400F14B4F /* Debug */,
				538ED83C1DC4088400F14B4F /* Release */,
			);
			defaultConfigurationIsVisible = 0;
			defaultConfigurationName = Release;
		};
		538ED8581DC408C100F14B4F /* Build configuration list for PBXNativeTarget "SBJson5_iOS" */ = {
			isa = XCConfigurationList;
			buildConfigurations = (
				538ED8541DC408C100F14B4F /* Debug */,
				538ED8551DC408C100F14B4F /* Release */,
			);
			defaultConfigurationIsVisible = 0;
			defaultConfigurationName = Release;
		};
		538ED8591DC408C100F14B4F /* Build configuration list for PBXNativeTarget "SBJson5_iOSTests" */ = {
			isa = XCConfigurationList;
			buildConfigurations = (
				538ED8561DC408C100F14B4F /* Debug */,
				538ED8571DC408C100F14B4F /* Release */,
			);
			defaultConfigurationIsVisible = 0;
			defaultConfigurationName = Release;
		};
		538ED8701DC408EB00F14B4F /* Build configuration list for PBXNativeTarget "SBJson5_macOS" */ = {
			isa = XCConfigurationList;
			buildConfigurations = (
				538ED8711DC408EB00F14B4F /* Debug */,
				538ED8721DC408EB00F14B4F /* Release */,
			);
			defaultConfigurationIsVisible = 0;
			defaultConfigurationName = Release;
		};
		538ED8731DC408EB00F14B4F /* Build configuration list for PBXNativeTarget "SBJson5_macOSTests" */ = {
			isa = XCConfigurationList;
			buildConfigurations = (
				538ED8741DC408EB00F14B4F /* Debug */,
				538ED8751DC408EB00F14B4F /* Release */,
			);
			defaultConfigurationIsVisible = 0;
			defaultConfigurationName = Release;
		};
/* End XCConfigurationList section */
	};
	rootObject = 538ED8371DC4088400F14B4F /* Project object */;
}
